// !$*UTF8*$!
{
	archiveVersion = 1;
	classes = {
	};
	objectVersion = 46;
	objects = {

/* Begin PBXBuildFile section */
		267BDB111B5604DF00E1A5C1 /* main.m in Sources */ = {isa = PBXBuildFile; fileRef = 267BDB101B5604DF00E1A5C1 /* main.m */; };
		267BDB141B5604DF00E1A5C1 /* BNRAppDelegate.m in Sources */ = {isa = PBXBuildFile; fileRef = 267BDB131B5604DF00E1A5C1 /* BNRAppDelegate.m */; };
		267BDB171B5604DF00E1A5C1 /* BNRViewController.m in Sources */ = {isa = PBXBuildFile; fileRef = 267BDB161B5604DF00E1A5C1 /* BNRViewController.m */; };
		267BDB1C1B5604DF00E1A5C1 /* Images.xcassets in Resources */ = {isa = PBXBuildFile; fileRef = 267BDB1B1B5604DF00E1A5C1 /* Images.xcassets */; };
		267BDB2B1B5604DF00E1A5C1 /* HomepwnerTests.m in Sources */ = {isa = PBXBuildFile; fileRef = 267BDB2A1B5604DF00E1A5C1 /* HomepwnerTests.m */; };
		267BDB371B56077400E1A5C1 /* BNRItemsViewController.m in Sources */ = {isa = PBXBuildFile; fileRef = 267BDB361B56077400E1A5C1 /* BNRItemsViewController.m */; };
/* End PBXBuildFile section */

/* Begin PBXContainerItemProxy section */
		267BDB251B5604DF00E1A5C1 /* PBXContainerItemProxy */ = {
			isa = PBXContainerItemProxy;
			containerPortal = 267BDB031B5604DF00E1A5C1 /* Project object */;
			proxyType = 1;
			remoteGlobalIDString = 267BDB0A1B5604DF00E1A5C1;
			remoteInfo = Homepwner;
		};
/* End PBXContainerItemProxy section */

/* Begin PBXFileReference section */
		267BDB0B1B5604DF00E1A5C1 /* Homepwner.app */ = {isa = PBXFileReference; explicitFileType = wrapper.application; includeInIndex = 0; path = Homepwner.app; sourceTree = BUILT_PRODUCTS_DIR; };
		267BDB0F1B5604DF00E1A5C1 /* Info.plist */ = {isa = PBXFileReference; lastKnownFileType = text.plist.xml; path = Info.plist; sourceTree = "<group>"; };
		267BDB101B5604DF00E1A5C1 /* main.m */ = {isa = PBXFileReference; lastKnownFileType = sourcecode.c.objc; path = main.m; sourceTree = "<group>"; };
		267BDB121B5604DF00E1A5C1 /* BNRAppDelegate.h */ = {isa = PBXFileReference; lastKnownFileType = sourcecode.c.h; path = BNRAppDelegate.h; sourceTree = "<group>"; };
		267BDB131B5604DF00E1A5C1 /* BNRAppDelegate.m */ = {isa = PBXFileReference; lastKnownFileType = sourcecode.c.objc; path = BNRAppDelegate.m; sourceTree = "<group>"; };
		267BDB151B5604DF00E1A5C1 /* BNRViewController.h */ = {isa = PBXFileReference; lastKnownFileType = sourcecode.c.h; path = BNRViewController.h; sourceTree = "<group>"; };
		267BDB161B5604DF00E1A5C1 /* BNRViewController.m */ = {isa = PBXFileReference; lastKnownFileType = sourcecode.c.objc; path = BNRViewController.m; sourceTree = "<group>"; };
		267BDB1B1B5604DF00E1A5C1 /* Images.xcassets */ = {isa = PBXFileReference; lastKnownFileType = folder.assetcatalog; path = Images.xcassets; sourceTree = "<group>"; };
		267BDB241B5604DF00E1A5C1 /* HomepwnerTests.xctest */ = {isa = PBXFileReference; explicitFileType = wrapper.cfbundle; includeInIndex = 0; path = HomepwnerTests.xctest; sourceTree = BUILT_PRODUCTS_DIR; };
		267BDB291B5604DF00E1A5C1 /* Info.plist */ = {isa = PBXFileReference; lastKnownFileType = text.plist.xml; path = Info.plist; sourceTree = "<group>"; };
		267BDB2A1B5604DF00E1A5C1 /* HomepwnerTests.m */ = {isa = PBXFileReference; lastKnownFileType = sourcecode.c.objc; path = HomepwnerTests.m; sourceTree = "<group>"; };
		267BDB341B5604F900E1A5C1 /* PrefixHeader.pch */ = {isa = PBXFileReference; fileEncoding = 4; lastKnownFileType = sourcecode.c.h; name = PrefixHeader.pch; path = ../PrefixHeader.pch; sourceTree = "<group>"; };
		267BDB351B56077400E1A5C1 /* BNRItemsViewController.h */ = {isa = PBXFileReference; fileEncoding = 4; lastKnownFileType = sourcecode.c.h; path = BNRItemsViewController.h; sourceTree = "<group>"; };
		267BDB361B56077400E1A5C1 /* BNRItemsViewController.m */ = {isa = PBXFileReference; fileEncoding = 4; lastKnownFileType = sourcecode.c.objc; path = BNRItemsViewController.m; sourceTree = "<group>"; };
/* End PBXFileReference section */

/* Begin PBXFrameworksBuildPhase section */
		267BDB081B5604DF00E1A5C1 /* Frameworks */ = {
			isa = PBXFrameworksBuildPhase;
			buildActionMask = 2147483647;
			files = (
			);
			runOnlyForDeploymentPostprocessing = 0;
		};
		267BDB211B5604DF00E1A5C1 /* Frameworks */ = {
			isa = PBXFrameworksBuildPhase;
			buildActionMask = 2147483647;
			files = (
			);
			runOnlyForDeploymentPostprocessing = 0;
		};
/* End PBXFrameworksBuildPhase section */

/* Begin PBXGroup section */
		267BDB021B5604DF00E1A5C1 = {
			isa = PBXGroup;
			children = (
				267BDB0D1B5604DF00E1A5C1 /* Homepwner */,
				267BDB271B5604DF00E1A5C1 /* HomepwnerTests */,
				267BDB0C1B5604DF00E1A5C1 /* Products */,
			);
			sourceTree = "<group>";
		};
		267BDB0C1B5604DF00E1A5C1 /* Products */ = {
			isa = PBXGroup;
			children = (
				267BDB0B1B5604DF00E1A5C1 /* Homepwner.app */,
				267BDB241B5604DF00E1A5C1 /* HomepwnerTests.xctest */,
			);
			name = Products;
			sourceTree = "<group>";
		};
		267BDB0D1B5604DF00E1A5C1 /* Homepwner */ = {
			isa = PBXGroup;
			children = (
				267BDB121B5604DF00E1A5C1 /* BNRAppDelegate.h */,
				267BDB131B5604DF00E1A5C1 /* BNRAppDelegate.m */,
				267BDB151B5604DF00E1A5C1 /* BNRViewController.h */,
				267BDB161B5604DF00E1A5C1 /* BNRViewController.m */,
				267BDB1B1B5604DF00E1A5C1 /* Images.xcassets */,
				267BDB0E1B5604DF00E1A5C1 /* Supporting Files */,
				267BDB351B56077400E1A5C1 /* BNRItemsViewController.h */,
				267BDB361B56077400E1A5C1 /* BNRItemsViewController.m */,
			);
			path = Homepwner;
			sourceTree = "<group>";
		};
		267BDB0E1B5604DF00E1A5C1 /* Supporting Files */ = {
			isa = PBXGroup;
			children = (
				267BDB341B5604F900E1A5C1 /* PrefixHeader.pch */,
				267BDB0F1B5604DF00E1A5C1 /* Info.plist */,
				267BDB101B5604DF00E1A5C1 /* main.m */,
			);
			name = "Supporting Files";
			sourceTree = "<group>";
		};
		267BDB271B5604DF00E1A5C1 /* HomepwnerTests */ = {
			isa = PBXGroup;
			children = (
				267BDB2A1B5604DF00E1A5C1 /* HomepwnerTests.m */,
				267BDB281B5604DF00E1A5C1 /* Supporting Files */,
			);
			path = HomepwnerTests;
			sourceTree = "<group>";
		};
		267BDB281B5604DF00E1A5C1 /* Supporting Files */ = {
			isa = PBXGroup;
			children = (
				267BDB291B5604DF00E1A5C1 /* Info.plist */,
			);
			name = "Supporting Files";
			sourceTree = "<group>";
		};
/* End PBXGroup section */

/* Begin PBXNativeTarget section */
		267BDB0A1B5604DF00E1A5C1 /* Homepwner */ = {
			isa = PBXNativeTarget;
			buildConfigurationList = 267BDB2E1B5604DF00E1A5C1 /* Build configuration list for PBXNativeTarget "Homepwner" */;
			buildPhases = (
				267BDB071B5604DF00E1A5C1 /* Sources */,
				267BDB081B5604DF00E1A5C1 /* Frameworks */,
				267BDB091B5604DF00E1A5C1 /* Resources */,
			);
			buildRules = (
			);
			dependencies = (
			);
			name = Homepwner;
			productName = Homepwner;
			productReference = 267BDB0B1B5604DF00E1A5C1 /* Homepwner.app */;
			productType = "com.apple.product-type.application";
		};
		267BDB231B5604DF00E1A5C1 /* HomepwnerTests */ = {
			isa = PBXNativeTarget;
			buildConfigurationList = 267BDB311B5604DF00E1A5C1 /* Build configuration list for PBXNativeTarget "HomepwnerTests" */;
			buildPhases = (
				267BDB201B5604DF00E1A5C1 /* Sources */,
				267BDB211B5604DF00E1A5C1 /* Frameworks */,
				267BDB221B5604DF00E1A5C1 /* Resources */,
			);
			buildRules = (
			);
			dependencies = (
				267BDB261B5604DF00E1A5C1 /* PBXTargetDependency */,
			);
			name = HomepwnerTests;
			productName = HomepwnerTests;
			productReference = 267BDB241B5604DF00E1A5C1 /* HomepwnerTests.xctest */;
			productType = "com.apple.product-type.bundle.unit-test";
		};
/* End PBXNativeTarget section */

/* Begin PBXProject section */
		267BDB031B5604DF00E1A5C1 /* Project object */ = {
			isa = PBXProject;
			attributes = {
				CLASSPREFIX = BNR;
				LastUpgradeCheck = 0630;
				ORGANIZATIONNAME = zmy;
				TargetAttributes = {
					267BDB0A1B5604DF00E1A5C1 = {
						CreatedOnToolsVersion = 6.3.2;
					};
					267BDB231B5604DF00E1A5C1 = {
						CreatedOnToolsVersion = 6.3.2;
						TestTargetID = 267BDB0A1B5604DF00E1A5C1;
					};
				};
			};
			buildConfigurationList = 267BDB061B5604DF00E1A5C1 /* Build configuration list for PBXProject "Homepwner" */;
			compatibilityVersion = "Xcode 3.2";
			developmentRegion = English;
			hasScannedForEncodings = 0;
			knownRegions = (
				en,
				Base,
			);
			mainGroup = 267BDB021B5604DF00E1A5C1;
			productRefGroup = 267BDB0C1B5604DF00E1A5C1 /* Products */;
			projectDirPath = "";
			projectRoot = "";
			targets = (
				267BDB0A1B5604DF00E1A5C1 /* Homepwner */,
				267BDB231B5604DF00E1A5C1 /* HomepwnerTests */,
			);
		};
/* End PBXProject section */

/* Begin PBXResourcesBuildPhase section */
		267BDB091B5604DF00E1A5C1 /* Resources */ = {
			isa = PBXResourcesBuildPhase;
			buildActionMask = 2147483647;
			files = (
				267BDB1C1B5604DF00E1A5C1 /* Images.xcassets in Resources */,
			);
			runOnlyForDeploymentPostprocessing = 0;
		};
		267BDB221B5604DF00E1A5C1 /* Resources */ = {
			isa = PBXResourcesBuildPhase;
			buildActionMask = 2147483647;
			files = (
			);
			runOnlyForDeploymentPostprocessing = 0;
		};
/* End PBXResourcesBuildPhase section */

/* Begin PBXSourcesBuildPhase section */
		267BDB071B5604DF00E1A5C1 /* Sources */ = {
			isa = PBXSourcesBuildPhase;
			buildActionMask = 2147483647;
			files = (
				267BDB371B56077400E1A5C1 /* BNRItemsViewController.m in Sources */,
				267BDB171B5604DF00E1A5C1 /* BNRViewController.m in Sources */,
				267BDB141B5604DF00E1A5C1 /* BNRAppDelegate.m in Sources */,
				267BDB111B5604DF00E1A5C1 /* main.m in Sources */,
			);
			runOnlyForDeploymentPostprocessing = 0;
		};
		267BDB201B5604DF00E1A5C1 /* Sources */ = {
			isa = PBXSourcesBuildPhase;
			buildActionMask = 2147483647;
			files = (
				267BDB2B1B5604DF00E1A5C1 /* HomepwnerTests.m in Sources */,
			);
			runOnlyForDeploymentPostprocessing = 0;
		};
/* End PBXSourcesBuildPhase section */

/* Begin PBXTargetDependency section */
		267BDB261B5604DF00E1A5C1 /* PBXTargetDependency */ = {
			isa = PBXTargetDependency;
			target = 267BDB0A1B5604DF00E1A5C1 /* Homepwner */;
			targetProxy = 267BDB251B5604DF00E1A5C1 /* PBXContainerItemProxy */;
		};
/* End PBXTargetDependency section */

/* Begin XCBuildConfiguration section */
		267BDB2C1B5604DF00E1A5C1 /* Debug */ = {
			isa = XCBuildConfiguration;
			buildSettings = {
				ALWAYS_SEARCH_USER_PATHS = NO;
				CLANG_CXX_LANGUAGE_STANDARD = "gnu++0x";
				CLANG_CXX_LIBRARY = "libc++";
				CLANG_ENABLE_MODULES = YES;
				CLANG_ENABLE_OBJC_ARC = YES;
				CLANG_WARN_BOOL_CONVERSION = YES;
				CLANG_WARN_CONSTANT_CONVERSION = YES;
				CLANG_WARN_DIRECT_OBJC_ISA_USAGE = YES_ERROR;
				CLANG_WARN_EMPTY_BODY = YES;
				CLANG_WARN_ENUM_CONVERSION = YES;
				CLANG_WARN_INT_CONVERSION = YES;
				CLANG_WARN_OBJC_ROOT_CLASS = YES_ERROR;
				CLANG_WARN_UNREACHABLE_CODE = YES;
				CLANG_WARN__DUPLICATE_METHOD_MATCH = YES;
				"CODE_SIGN_IDENTITY[sdk=iphoneos*]" = "iPhone Developer";
				COPY_PHASE_STRIP = NO;
				DEBUG_INFORMATION_FORMAT = "dwarf-with-dsym";
				ENABLE_STRICT_OBJC_MSGSEND = YES;
				GCC_C_LANGUAGE_STANDARD = gnu99;
				GCC_DYNAMIC_NO_PIC = NO;
				GCC_NO_COMMON_BLOCKS = YES;
				GCC_OPTIMIZATION_LEVEL = 0;
				GCC_PRECOMPILE_PREFIX_HEADER = YES;
				GCC_PREFIX_HEADER = Homepwner/PrefixHeader.pch;
				GCC_PREPROCESSOR_DEFINITIONS = (
					"DEBUG=1",
					"$(inherited)",
				);
				GCC_SYMBOLS_PRIVATE_EXTERN = NO;
				GCC_WARN_64_TO_32_BIT_CONVERSION = YES;
				GCC_WARN_ABOUT_RETURN_TYPE = YES_ERROR;
				GCC_WARN_UNDECLARED_SELECTOR = YES;
				GCC_WARN_UNINITIALIZED_AUTOS = YES_AGGRESSIVE;
				GCC_WARN_UNUSED_FUNCTION = YES;
				GCC_WARN_UNUSED_VARIABLE = YES;
				IPHONEOS_DEPLOYMENT_TARGET = 8.3;
				MTL_ENABLE_DEBUG_INFO = YES;
				ONLY_ACTIVE_ARCH = YES;
				SDKROOT = iphoneos;
			};
			name = Debug;
		};
		267BDB2D1B5604DF00E1A5C1 /* Release */ = {
			isa = XCBuildConfiguration;
			buildSettings = {
				ALWAYS_SEARCH_USER_PATHS = NO;
				CLANG_CXX_LANGUAGE_STANDARD = "gnu++0x";
				CLANG_CXX_LIBRARY = "libc++";
				CLANG_ENABLE_MODULES = YES;
				CLANG_ENABLE_OBJC_ARC = YES;
				CLANG_WARN_BOOL_CONVERSION = YES;
				CLANG_WARN_CONSTANT_CONVERSION = YES;
				CLANG_WARN_DIRECT_OBJC_ISA_USAGE = YES_ERROR;
				CLANG_WARN_EMPTY_BODY = YES;
				CLANG_WARN_ENUM_CONVERSION = YES;
				CLANG_WARN_INT_CONVERSION = YES;
				CLANG_WARN_OBJC_ROOT_CLASS = YES_ERROR;
				CLANG_WARN_UNREACHABLE_CODE = YES;
				CLANG_WARN__DUPLICATE_METHOD_MATCH = YES;
				"CODE_SIGN_IDENTITY[sdk=iphoneos*]" = "iPhone Developer";
				COPY_PHASE_STRIP = NO;
				DEBUG_INFORMATION_FORMAT = "dwarf-with-dsym";
				ENABLE_NS_ASSERTIONS = NO;
				ENABLE_STRICT_OBJC_MSGSEND = YES;
				GCC_C_LANGUAGE_STANDARD = gnu99;
				GCC_NO_COMMON_BLOCKS = YES;
				GCC_PRECOMPILE_PREFIX_HEADER = YES;
				GCC_PREFIX_HEADER = Homepwner/PrefixHeader.pch;
				GCC_WARN_64_TO_32_BIT_CONVERSION = YES;
				GCC_WARN_ABOUT_RETURN_TYPE = YES_ERROR;
				GCC_WARN_UNDECLARED_SELECTOR = YES;
				GCC_WARN_UNINITIALIZED_AUTOS = YES_AGGRESSIVE;
				GCC_WARN_UNUSED_FUNCTION = YES;
				GCC_WARN_UNUSED_VARIABLE = YES;
				IPHONEOS_DEPLOYMENT_TARGET = 8.3;
				MTL_ENABLE_DEBUG_INFO = NO;
				SDKROOT = iphoneos;
				VALIDATE_PRODUCT = YES;
			};
			name = Release;
		};
		267BDB2F1B5604DF00E1A5C1 /* Debug */ = {
			isa = XCBuildConfiguration;
			buildSettings = {
				ASSETCATALOG_COMPILER_APPICON_NAME = AppIcon;
				INFOPLIST_FILE = Homepwner/Info.plist;
				LD_RUNPATH_SEARCH_PATHS = "$(inherited) @executable_path/Frameworks";
				PRODUCT_NAME = "$(TARGET_NAME)";
			};
			name = Debug;
		};
		267BDB301B5604DF00E1A5C1 /* Release */ = {
			isa = XCBuildConfiguration;
			buildSettings = {
				ASSETCATALOG_COMPILER_APPICON_NAME = AppIcon;
				INFOPLIST_FILE = Homepwner/Info.plist;
				LD_RUNPATH_SEARCH_PATHS = "$(inherited) @executable_path/Frameworks";
				PRODUCT_NAME = "$(TARGET_NAME)";
			};
			name = Release;
		};
		267BDB321B5604DF00E1A5C1 /* Debug */ = {
			isa = XCBuildConfiguration;
			buildSettings = {
				BUNDLE_LOADER = "$(TEST_HOST)";
				FRAMEWORK_SEARCH_PATHS = (
					"$(SDKROOT)/Developer/Library/Frameworks",
					"$(inherited)",
				);
				GCC_PREPROCESSOR_DEFINITIONS = (
					"DEBUG=1",
					"$(inherited)",
				);
				INFOPLIST_FILE = HomepwnerTests/Info.plist;
				LD_RUNPATH_SEARCH_PATHS = "$(inherited) @executable_path/Frameworks @loader_path/Frameworks";
				PRODUCT_NAME = "$(TARGET_NAME)";
				TEST_HOST = "$(BUILT_PRODUCTS_DIR)/Homepwner.app/Homepwner";
			};
			name = Debug;
		};
		267BDB331B5604DF00E1A5C1 /* Release */ = {
			isa = XCBuildConfiguration;
			buildSettings = {
				BUNDLE_LOADER = "$(TEST_HOST)";
				FRAMEWORK_SEARCH_PATHS = (
					"$(SDKROOT)/Developer/Library/Frameworks",
					"$(inherited)",
				);
				INFOPLIST_FILE = HomepwnerTests/Info.plist;
				LD_RUNPATH_SEARCH_PATHS = "$(inherited) @executable_path/Frameworks @loader_path/Frameworks";
				PRODUCT_NAME = "$(TARGET_NAME)";
				TEST_HOST = "$(BUILT_PRODUCTS_DIR)/Homepwner.app/Homepwner";
			};
			name = Release;
		};
/* End XCBuildConfiguration section */

/* Begin XCConfigurationList section */
		267BDB061B5604DF00E1A5C1 /* Build configuration list for PBXProject "Homepwner" */ = {
			isa = XCConfigurationList;
			buildConfigurations = (
				267BDB2C1B5604DF00E1A5C1 /* Debug */,
				267BDB2D1B5604DF00E1A5C1 /* Release */,
			);
			defaultConfigurationIsVisible = 0;
			defaultConfigurationName = Release;
		};
		267BDB2E1B5604DF00E1A5C1 /* Build configuration list for PBXNativeTarget "Homepwner" */ = {
			isa = XCConfigurationList;
			buildConfigurations = (
				267BDB2F1B5604DF00E1A5C1 /* Debug */,
				267BDB301B5604DF00E1A5C1 /* Release */,
			);
			defaultConfigurationIsVisible = 0;
		};
		267BDB311B5604DF00E1A5C1 /* Build configuration list for PBXNativeTarget "HomepwnerTests" */ = {
			isa = XCConfigurationList;
			buildConfigurations = (
				267BDB321B5604DF00E1A5C1 /* Debug */,
				267BDB331B5604DF00E1A5C1 /* Release */,
			);
			defaultConfigurationIsVisible = 0;
		};
/* End XCConfigurationList section */
	};
	rootObject = 267BDB031B5604DF00E1A5C1 /* Project object */;
}
