// !$*UTF8*$!
{
	archiveVersion = 1;
	classes = {
	};
	objectVersion = 46;
	objects = {

/* Begin PBXBuildFile section */
		26995BCB1B60B9D80000DEED /* main.m in Sources */ = {isa = PBXBuildFile; fileRef = 26995BCA1B60B9D80000DEED /* main.m */; };
		26995BCE1B60B9D80000DEED /* WebAppDelegate.m in Sources */ = {isa = PBXBuildFile; fileRef = 26995BCD1B60B9D80000DEED /* WebAppDelegate.m */; };
		26995BD11B60B9D80000DEED /* WebViewController.m in Sources */ = {isa = PBXBuildFile; fileRef = 26995BD01B60B9D80000DEED /* WebViewController.m */; };
		26995BD61B60B9D80000DEED /* Images.xcassets in Resources */ = {isa = PBXBuildFile; fileRef = 26995BD51B60B9D80000DEED /* Images.xcassets */; };
		26995BE51B60B9D80000DEED /* LegoodsTests.m in Sources */ = {isa = PBXBuildFile; fileRef = 26995BE41B60B9D80000DEED /* LegoodsTests.m */; };
		26995BF01B60BAF10000DEED /* ProductsViewController.m in Sources */ = {isa = PBXBuildFile; fileRef = 26995BEF1B60BAF10000DEED /* ProductsViewController.m */; };
/* End PBXBuildFile section */

/* Begin PBXContainerItemProxy section */
		26995BDF1B60B9D80000DEED /* PBXContainerItemProxy */ = {
			isa = PBXContainerItemProxy;
			containerPortal = 26995BBD1B60B9D80000DEED /* Project object */;
			proxyType = 1;
			remoteGlobalIDString = 26995BC41B60B9D80000DEED;
			remoteInfo = Legoods;
		};
/* End PBXContainerItemProxy section */

/* Begin PBXFileReference section */
		26995BC51B60B9D80000DEED /* Legoods.app */ = {isa = PBXFileReference; explicitFileType = wrapper.application; includeInIndex = 0; path = Legoods.app; sourceTree = BUILT_PRODUCTS_DIR; };
		26995BC91B60B9D80000DEED /* Info.plist */ = {isa = PBXFileReference; lastKnownFileType = text.plist.xml; path = Info.plist; sourceTree = "<group>"; };
		26995BCA1B60B9D80000DEED /* main.m */ = {isa = PBXFileReference; lastKnownFileType = sourcecode.c.objc; path = main.m; sourceTree = "<group>"; };
		26995BCC1B60B9D80000DEED /* WebAppDelegate.h */ = {isa = PBXFileReference; lastKnownFileType = sourcecode.c.h; path = WebAppDelegate.h; sourceTree = "<group>"; };
		26995BCD1B60B9D80000DEED /* WebAppDelegate.m */ = {isa = PBXFileReference; lastKnownFileType = sourcecode.c.objc; path = WebAppDelegate.m; sourceTree = "<group>"; };
		26995BCF1B60B9D80000DEED /* WebViewController.h */ = {isa = PBXFileReference; lastKnownFileType = sourcecode.c.h; path = WebViewController.h; sourceTree = "<group>"; };
		26995BD01B60B9D80000DEED /* WebViewController.m */ = {isa = PBXFileReference; lastKnownFileType = sourcecode.c.objc; path = WebViewController.m; sourceTree = "<group>"; };
		26995BD51B60B9D80000DEED /* Images.xcassets */ = {isa = PBXFileReference; lastKnownFileType = folder.assetcatalog; path = Images.xcassets; sourceTree = "<group>"; };
		26995BDE1B60B9D80000DEED /* LegoodsTests.xctest */ = {isa = PBXFileReference; explicitFileType = wrapper.cfbundle; includeInIndex = 0; path = LegoodsTests.xctest; sourceTree = BUILT_PRODUCTS_DIR; };
		26995BE31B60B9D80000DEED /* Info.plist */ = {isa = PBXFileReference; lastKnownFileType = text.plist.xml; path = Info.plist; sourceTree = "<group>"; };
		26995BE41B60B9D80000DEED /* LegoodsTests.m */ = {isa = PBXFileReference; lastKnownFileType = sourcecode.c.objc; path = LegoodsTests.m; sourceTree = "<group>"; };
		26995BEE1B60BAF10000DEED /* ProductsViewController.h */ = {isa = PBXFileReference; fileEncoding = 4; lastKnownFileType = sourcecode.c.h; path = ProductsViewController.h; sourceTree = "<group>"; };
		26995BEF1B60BAF10000DEED /* ProductsViewController.m */ = {isa = PBXFileReference; fileEncoding = 4; lastKnownFileType = sourcecode.c.objc; path = ProductsViewController.m; sourceTree = "<group>"; };
		26995BF11B60BB350000DEED /* PrefixHeader.pch */ = {isa = PBXFileReference; fileEncoding = 4; lastKnownFileType = sourcecode.c.h; path = PrefixHeader.pch; sourceTree = "<group>"; };
/* End PBXFileReference section */

/* Begin PBXFrameworksBuildPhase section */
		26995BC21B60B9D80000DEED /* Frameworks */ = {
			isa = PBXFrameworksBuildPhase;
			buildActionMask = 2147483647;
			files = (
			);
			runOnlyForDeploymentPostprocessing = 0;
		};
		26995BDB1B60B9D80000DEED /* Frameworks */ = {
			isa = PBXFrameworksBuildPhase;
			buildActionMask = 2147483647;
			files = (
			);
			runOnlyForDeploymentPostprocessing = 0;
		};
/* End PBXFrameworksBuildPhase section */

/* Begin PBXGroup section */
		26995BBC1B60B9D80000DEED = {
			isa = PBXGroup;
			children = (
				26995BC71B60B9D80000DEED /* Legoods */,
				26995BE11B60B9D80000DEED /* LegoodsTests */,
				26995BC61B60B9D80000DEED /* Products */,
			);
			sourceTree = "<group>";
		};
		26995BC61B60B9D80000DEED /* Products */ = {
			isa = PBXGroup;
			children = (
				26995BC51B60B9D80000DEED /* Legoods.app */,
				26995BDE1B60B9D80000DEED /* LegoodsTests.xctest */,
			);
			name = Products;
			sourceTree = "<group>";
		};
		26995BC71B60B9D80000DEED /* Legoods */ = {
			isa = PBXGroup;
			children = (
				26995BEE1B60BAF10000DEED /* ProductsViewController.h */,
				26995BEF1B60BAF10000DEED /* ProductsViewController.m */,
				26995BCF1B60B9D80000DEED /* WebViewController.h */,
				26995BD01B60B9D80000DEED /* WebViewController.m */,
				26995BCC1B60B9D80000DEED /* WebAppDelegate.h */,
				26995BCD1B60B9D80000DEED /* WebAppDelegate.m */,
				26995BD51B60B9D80000DEED /* Images.xcassets */,
				26995BC81B60B9D80000DEED /* Supporting Files */,
			);
			path = Legoods;
			sourceTree = "<group>";
		};
		26995BC81B60B9D80000DEED /* Supporting Files */ = {
			isa = PBXGroup;
			children = (
				26995BC91B60B9D80000DEED /* Info.plist */,
				26995BCA1B60B9D80000DEED /* main.m */,
				26995BF11B60BB350000DEED /* PrefixHeader.pch */,
			);
			name = "Supporting Files";
			sourceTree = "<group>";
		};
		26995BE11B60B9D80000DEED /* LegoodsTests */ = {
			isa = PBXGroup;
			children = (
				26995BE41B60B9D80000DEED /* LegoodsTests.m */,
				26995BE21B60B9D80000DEED /* Supporting Files */,
			);
			path = LegoodsTests;
			sourceTree = "<group>";
		};
		26995BE21B60B9D80000DEED /* Supporting Files */ = {
			isa = PBXGroup;
			children = (
				26995BE31B60B9D80000DEED /* Info.plist */,
			);
			name = "Supporting Files";
			sourceTree = "<group>";
		};
/* End PBXGroup section */

/* Begin PBXNativeTarget section */
		26995BC41B60B9D80000DEED /* Legoods */ = {
			isa = PBXNativeTarget;
			buildConfigurationList = 26995BE81B60B9D80000DEED /* Build configuration list for PBXNativeTarget "Legoods" */;
			buildPhases = (
				26995BC11B60B9D80000DEED /* Sources */,
				26995BC21B60B9D80000DEED /* Frameworks */,
				26995BC31B60B9D80000DEED /* Resources */,
			);
			buildRules = (
			);
			dependencies = (
			);
			name = Legoods;
			productName = Legoods;
			productReference = 26995BC51B60B9D80000DEED /* Legoods.app */;
			productType = "com.apple.product-type.application";
		};
		26995BDD1B60B9D80000DEED /* LegoodsTests */ = {
			isa = PBXNativeTarget;
			buildConfigurationList = 26995BEB1B60B9D80000DEED /* Build configuration list for PBXNativeTarget "LegoodsTests" */;
			buildPhases = (
				26995BDA1B60B9D80000DEED /* Sources */,
				26995BDB1B60B9D80000DEED /* Frameworks */,
				26995BDC1B60B9D80000DEED /* Resources */,
			);
			buildRules = (
			);
			dependencies = (
				26995BE01B60B9D80000DEED /* PBXTargetDependency */,
			);
			name = LegoodsTests;
			productName = LegoodsTests;
			productReference = 26995BDE1B60B9D80000DEED /* LegoodsTests.xctest */;
			productType = "com.apple.product-type.bundle.unit-test";
		};
/* End PBXNativeTarget section */

/* Begin PBXProject section */
		26995BBD1B60B9D80000DEED /* Project object */ = {
			isa = PBXProject;
			attributes = {
				LastUpgradeCheck = 0630;
				ORGANIZATIONNAME = zmy;
				TargetAttributes = {
					26995BC41B60B9D80000DEED = {
						CreatedOnToolsVersion = 6.3.2;
					};
					26995BDD1B60B9D80000DEED = {
						CreatedOnToolsVersion = 6.3.2;
						TestTargetID = 26995BC41B60B9D80000DEED;
					};
				};
			};
			buildConfigurationList = 26995BC01B60B9D80000DEED /* Build configuration list for PBXProject "Legoods" */;
			compatibilityVersion = "Xcode 3.2";
			developmentRegion = English;
			hasScannedForEncodings = 0;
			knownRegions = (
				en,
				Base,
			);
			mainGroup = 26995BBC1B60B9D80000DEED;
			productRefGroup = 26995BC61B60B9D80000DEED /* Products */;
			projectDirPath = "";
			projectRoot = "";
			targets = (
				26995BC41B60B9D80000DEED /* Legoods */,
				26995BDD1B60B9D80000DEED /* LegoodsTests */,
			);
		};
/* End PBXProject section */

/* Begin PBXResourcesBuildPhase section */
		26995BC31B60B9D80000DEED /* Resources */ = {
			isa = PBXResourcesBuildPhase;
			buildActionMask = 2147483647;
			files = (
				26995BD61B60B9D80000DEED /* Images.xcassets in Resources */,
			);
			runOnlyForDeploymentPostprocessing = 0;
		};
		26995BDC1B60B9D80000DEED /* Resources */ = {
			isa = PBXResourcesBuildPhase;
			buildActionMask = 2147483647;
			files = (
			);
			runOnlyForDeploymentPostprocessing = 0;
		};
/* End PBXResourcesBuildPhase section */

/* Begin PBXSourcesBuildPhase section */
		26995BC11B60B9D80000DEED /* Sources */ = {
			isa = PBXSourcesBuildPhase;
			buildActionMask = 2147483647;
			files = (
				26995BD11B60B9D80000DEED /* WebViewController.m in Sources */,
				26995BCE1B60B9D80000DEED /* WebAppDelegate.m in Sources */,
				26995BF01B60BAF10000DEED /* ProductsViewController.m in Sources */,
				26995BCB1B60B9D80000DEED /* main.m in Sources */,
			);
			runOnlyForDeploymentPostprocessing = 0;
		};
		26995BDA1B60B9D80000DEED /* Sources */ = {
			isa = PBXSourcesBuildPhase;
			buildActionMask = 2147483647;
			files = (
				26995BE51B60B9D80000DEED /* LegoodsTests.m in Sources */,
			);
			runOnlyForDeploymentPostprocessing = 0;
		};
/* End PBXSourcesBuildPhase section */

/* Begin PBXTargetDependency section */
		26995BE01B60B9D80000DEED /* PBXTargetDependency */ = {
			isa = PBXTargetDependency;
			target = 26995BC41B60B9D80000DEED /* Legoods */;
			targetProxy = 26995BDF1B60B9D80000DEED /* PBXContainerItemProxy */;
		};
/* End PBXTargetDependency section */

/* Begin XCBuildConfiguration section */
		26995BE61B60B9D80000DEED /* Debug */ = {
			isa = XCBuildConfiguration;
			buildSettings = {
				ALWAYS_SEARCH_USER_PATHS = NO;
				CLANG_CXX_LANGUAGE_STANDARD = "gnu++0x";
				CLANG_CXX_LIBRARY = "libc++";
				CLANG_ENABLE_MODULES = YES;
				CLANG_ENABLE_OBJC_ARC = YES;
				CLANG_WARN_BOOL_CONVERSION = YES;
				CLANG_WARN_CONSTANT_CONVERSION = YES;
				CLANG_WARN_DIRECT_OBJC_ISA_USAGE = YES_ERROR;
				CLANG_WARN_EMPTY_BODY = YES;
				CLANG_WARN_ENUM_CONVERSION = YES;
				CLANG_WARN_INT_CONVERSION = YES;
				CLANG_WARN_OBJC_ROOT_CLASS = YES_ERROR;
				CLANG_WARN_UNREACHABLE_CODE = YES;
				CLANG_WARN__DUPLICATE_METHOD_MATCH = YES;
				"CODE_SIGN_IDENTITY[sdk=iphoneos*]" = "iPhone Developer";
				COPY_PHASE_STRIP = NO;
				DEBUG_INFORMATION_FORMAT = "dwarf-with-dsym";
				ENABLE_STRICT_OBJC_MSGSEND = YES;
				GCC_C_LANGUAGE_STANDARD = gnu99;
				GCC_DYNAMIC_NO_PIC = NO;
				GCC_NO_COMMON_BLOCKS = YES;
				GCC_OPTIMIZATION_LEVEL = 0;
				GCC_PREPROCESSOR_DEFINITIONS = (
					"DEBUG=1",
					"$(inherited)",
				);
				GCC_SYMBOLS_PRIVATE_EXTERN = NO;
				GCC_WARN_64_TO_32_BIT_CONVERSION = YES;
				GCC_WARN_ABOUT_RETURN_TYPE = YES_ERROR;
				GCC_WARN_UNDECLARED_SELECTOR = YES;
				GCC_WARN_UNINITIALIZED_AUTOS = YES_AGGRESSIVE;
				GCC_WARN_UNUSED_FUNCTION = YES;
				GCC_WARN_UNUSED_VARIABLE = YES;
				IPHONEOS_DEPLOYMENT_TARGET = 8.3;
				MTL_ENABLE_DEBUG_INFO = YES;
				ONLY_ACTIVE_ARCH = YES;
				SDKROOT = iphoneos;
				TARGETED_DEVICE_FAMILY = "1,2";
			};
			name = Debug;
		};
		26995BE71B60B9D80000DEED /* Release */ = {
			isa = XCBuildConfiguration;
			buildSettings = {
				ALWAYS_SEARCH_USER_PATHS = NO;
				CLANG_CXX_LANGUAGE_STANDARD = "gnu++0x";
				CLANG_CXX_LIBRARY = "libc++";
				CLANG_ENABLE_MODULES = YES;
				CLANG_ENABLE_OBJC_ARC = YES;
				CLANG_WARN_BOOL_CONVERSION = YES;
				CLANG_WARN_CONSTANT_CONVERSION = YES;
				CLANG_WARN_DIRECT_OBJC_ISA_USAGE = YES_ERROR;
				CLANG_WARN_EMPTY_BODY = YES;
				CLANG_WARN_ENUM_CONVERSION = YES;
				CLANG_WARN_INT_CONVERSION = YES;
				CLANG_WARN_OBJC_ROOT_CLASS = YES_ERROR;
				CLANG_WARN_UNREACHABLE_CODE = YES;
				CLANG_WARN__DUPLICATE_METHOD_MATCH = YES;
				"CODE_SIGN_IDENTITY[sdk=iphoneos*]" = "iPhone Developer";
				COPY_PHASE_STRIP = NO;
				DEBUG_INFORMATION_FORMAT = "dwarf-with-dsym";
				ENABLE_NS_ASSERTIONS = NO;
				ENABLE_STRICT_OBJC_MSGSEND = YES;
				GCC_C_LANGUAGE_STANDARD = gnu99;
				GCC_NO_COMMON_BLOCKS = YES;
				GCC_WARN_64_TO_32_BIT_CONVERSION = YES;
				GCC_WARN_ABOUT_RETURN_TYPE = YES_ERROR;
				GCC_WARN_UNDECLARED_SELECTOR = YES;
				GCC_WARN_UNINITIALIZED_AUTOS = YES_AGGRESSIVE;
				GCC_WARN_UNUSED_FUNCTION = YES;
				GCC_WARN_UNUSED_VARIABLE = YES;
				IPHONEOS_DEPLOYMENT_TARGET = 8.3;
				MTL_ENABLE_DEBUG_INFO = NO;
				SDKROOT = iphoneos;
				TARGETED_DEVICE_FAMILY = "1,2";
				VALIDATE_PRODUCT = YES;
			};
			name = Release;
		};
		26995BE91B60B9D80000DEED /* Debug */ = {
			isa = XCBuildConfiguration;
			buildSettings = {
				ASSETCATALOG_COMPILER_APPICON_NAME = AppIcon;
				GCC_PRECOMPILE_PREFIX_HEADER = YES;
				GCC_PREFIX_HEADER = Legoods/PrefixHeader.pch;
				INFOPLIST_FILE = Legoods/Info.plist;
				LD_RUNPATH_SEARCH_PATHS = "$(inherited) @executable_path/Frameworks";
				PRODUCT_NAME = "$(TARGET_NAME)";
			};
			name = Debug;
		};
		26995BEA1B60B9D80000DEED /* Release */ = {
			isa = XCBuildConfiguration;
			buildSettings = {
				ASSETCATALOG_COMPILER_APPICON_NAME = AppIcon;
				GCC_PRECOMPILE_PREFIX_HEADER = YES;
				GCC_PREFIX_HEADER = Legoods/PrefixHeader.pch;
				INFOPLIST_FILE = Legoods/Info.plist;
				LD_RUNPATH_SEARCH_PATHS = "$(inherited) @executable_path/Frameworks";
				PRODUCT_NAME = "$(TARGET_NAME)";
			};
			name = Release;
		};
		26995BEC1B60B9D80000DEED /* Debug */ = {
			isa = XCBuildConfiguration;
			buildSettings = {
				BUNDLE_LOADER = "$(TEST_HOST)";
				FRAMEWORK_SEARCH_PATHS = (
					"$(SDKROOT)/Developer/Library/Frameworks",
					"$(inherited)",
				);
				GCC_PREPROCESSOR_DEFINITIONS = (
					"DEBUG=1",
					"$(inherited)",
				);
				INFOPLIST_FILE = LegoodsTests/Info.plist;
				LD_RUNPATH_SEARCH_PATHS = "$(inherited) @executable_path/Frameworks @loader_path/Frameworks";
				PRODUCT_NAME = "$(TARGET_NAME)";
				TEST_HOST = "$(BUILT_PRODUCTS_DIR)/Legoods.app/Legoods";
			};
			name = Debug;
		};
		26995BED1B60B9D80000DEED /* Release */ = {
			isa = XCBuildConfiguration;
			buildSettings = {
				BUNDLE_LOADER = "$(TEST_HOST)";
				FRAMEWORK_SEARCH_PATHS = (
					"$(SDKROOT)/Developer/Library/Frameworks",
					"$(inherited)",
				);
				INFOPLIST_FILE = LegoodsTests/Info.plist;
				LD_RUNPATH_SEARCH_PATHS = "$(inherited) @executable_path/Frameworks @loader_path/Frameworks";
				PRODUCT_NAME = "$(TARGET_NAME)";
				TEST_HOST = "$(BUILT_PRODUCTS_DIR)/Legoods.app/Legoods";
			};
			name = Release;
		};
/* End XCBuildConfiguration section */

/* Begin XCConfigurationList section */
		26995BC01B60B9D80000DEED /* Build configuration list for PBXProject "Legoods" */ = {
			isa = XCConfigurationList;
			buildConfigurations = (
				26995BE61B60B9D80000DEED /* Debug */,
				26995BE71B60B9D80000DEED /* Release */,
			);
			defaultConfigurationIsVisible = 0;
			defaultConfigurationName = Release;
		};
		26995BE81B60B9D80000DEED /* Build configuration list for PBXNativeTarget "Legoods" */ = {
			isa = XCConfigurationList;
			buildConfigurations = (
				26995BE91B60B9D80000DEED /* Debug */,
				26995BEA1B60B9D80000DEED /* Release */,
			);
			defaultConfigurationIsVisible = 0;
		};
		26995BEB1B60B9D80000DEED /* Build configuration list for PBXNativeTarget "LegoodsTests" */ = {
			isa = XCConfigurationList;
			buildConfigurations = (
				26995BEC1B60B9D80000DEED /* Debug */,
				26995BED1B60B9D80000DEED /* Release */,
			);
			defaultConfigurationIsVisible = 0;
		};
/* End XCConfigurationList section */
	};
	rootObject = 26995BBD1B60B9D80000DEED /* Project object */;
}
