// !$*UTF8*$!
{
	archiveVersion = 1;
	classes = {
	};
	objectVersion = 46;
	objects = {

/* Begin PBXBuildFile section */
		260FA4241B71B55E0046C3A6 /* Main.storyboard in Resources */ = {isa = PBXBuildFile; fileRef = 260FA4231B71B55E0046C3A6 /* Main.storyboard */; };
		260FA4271B71B7010046C3A6 /* FirstViewController.m in Sources */ = {isa = PBXBuildFile; fileRef = 260FA4261B71B7010046C3A6 /* FirstViewController.m */; };
		260FA42A1B71B8630046C3A6 /* SecondViewController.m in Sources */ = {isa = PBXBuildFile; fileRef = 260FA4291B71B8630046C3A6 /* SecondViewController.m */; };
		26877F3E1B70AE9600D25438 /* main.m in Sources */ = {isa = PBXBuildFile; fileRef = 26877F3D1B70AE9600D25438 /* main.m */; };
		26877F411B70AE9600D25438 /* AppDelegate.m in Sources */ = {isa = PBXBuildFile; fileRef = 26877F401B70AE9600D25438 /* AppDelegate.m */; };
		26877F491B70AE9600D25438 /* Images.xcassets in Resources */ = {isa = PBXBuildFile; fileRef = 26877F481B70AE9600D25438 /* Images.xcassets */; };
		26877F4C1B70AE9600D25438 /* LaunchScreen.xib in Resources */ = {isa = PBXBuildFile; fileRef = 26877F4A1B70AE9600D25438 /* LaunchScreen.xib */; };
		26877F581B70AE9600D25438 /* dataTransTests.m in Sources */ = {isa = PBXBuildFile; fileRef = 26877F571B70AE9600D25438 /* dataTransTests.m */; };
/* End PBXBuildFile section */

/* Begin PBXContainerItemProxy section */
		26877F521B70AE9600D25438 /* PBXContainerItemProxy */ = {
			isa = PBXContainerItemProxy;
			containerPortal = 26877F301B70AE9600D25438 /* Project object */;
			proxyType = 1;
			remoteGlobalIDString = 26877F371B70AE9600D25438;
			remoteInfo = dataTrans;
		};
/* End PBXContainerItemProxy section */

/* Begin PBXFileReference section */
		260FA4231B71B55E0046C3A6 /* Main.storyboard */ = {isa = PBXFileReference; fileEncoding = 4; lastKnownFileType = file.storyboard; name = Main.storyboard; path = ../Main.storyboard; sourceTree = "<group>"; };
		260FA4251B71B7010046C3A6 /* FirstViewController.h */ = {isa = PBXFileReference; fileEncoding = 4; lastKnownFileType = sourcecode.c.h; path = FirstViewController.h; sourceTree = "<group>"; };
		260FA4261B71B7010046C3A6 /* FirstViewController.m */ = {isa = PBXFileReference; fileEncoding = 4; lastKnownFileType = sourcecode.c.objc; path = FirstViewController.m; sourceTree = "<group>"; };
		260FA4281B71B8630046C3A6 /* SecondViewController.h */ = {isa = PBXFileReference; fileEncoding = 4; lastKnownFileType = sourcecode.c.h; path = SecondViewController.h; sourceTree = "<group>"; };
		260FA4291B71B8630046C3A6 /* SecondViewController.m */ = {isa = PBXFileReference; fileEncoding = 4; lastKnownFileType = sourcecode.c.objc; path = SecondViewController.m; sourceTree = "<group>"; };
		26877F381B70AE9600D25438 /* dataTrans.app */ = {isa = PBXFileReference; explicitFileType = wrapper.application; includeInIndex = 0; path = dataTrans.app; sourceTree = BUILT_PRODUCTS_DIR; };
		26877F3C1B70AE9600D25438 /* Info.plist */ = {isa = PBXFileReference; lastKnownFileType = text.plist.xml; path = Info.plist; sourceTree = "<group>"; };
		26877F3D1B70AE9600D25438 /* main.m */ = {isa = PBXFileReference; lastKnownFileType = sourcecode.c.objc; path = main.m; sourceTree = "<group>"; };
		26877F3F1B70AE9600D25438 /* AppDelegate.h */ = {isa = PBXFileReference; lastKnownFileType = sourcecode.c.h; path = AppDelegate.h; sourceTree = "<group>"; };
		26877F401B70AE9600D25438 /* AppDelegate.m */ = {isa = PBXFileReference; lastKnownFileType = sourcecode.c.objc; path = AppDelegate.m; sourceTree = "<group>"; };
		26877F481B70AE9600D25438 /* Images.xcassets */ = {isa = PBXFileReference; lastKnownFileType = folder.assetcatalog; path = Images.xcassets; sourceTree = "<group>"; };
		26877F4B1B70AE9600D25438 /* Base */ = {isa = PBXFileReference; lastKnownFileType = file.xib; name = Base; path = Base.lproj/LaunchScreen.xib; sourceTree = "<group>"; };
		26877F511B70AE9600D25438 /* dataTransTests.xctest */ = {isa = PBXFileReference; explicitFileType = wrapper.cfbundle; includeInIndex = 0; path = dataTransTests.xctest; sourceTree = BUILT_PRODUCTS_DIR; };
		26877F561B70AE9600D25438 /* Info.plist */ = {isa = PBXFileReference; lastKnownFileType = text.plist.xml; path = Info.plist; sourceTree = "<group>"; };
		26877F571B70AE9600D25438 /* dataTransTests.m */ = {isa = PBXFileReference; lastKnownFileType = sourcecode.c.objc; path = dataTransTests.m; sourceTree = "<group>"; };
/* End PBXFileReference section */

/* Begin PBXFrameworksBuildPhase section */
		26877F351B70AE9600D25438 /* Frameworks */ = {
			isa = PBXFrameworksBuildPhase;
			buildActionMask = 2147483647;
			files = (
			);
			runOnlyForDeploymentPostprocessing = 0;
		};
		26877F4E1B70AE9600D25438 /* Frameworks */ = {
			isa = PBXFrameworksBuildPhase;
			buildActionMask = 2147483647;
			files = (
			);
			runOnlyForDeploymentPostprocessing = 0;
		};
/* End PBXFrameworksBuildPhase section */

/* Begin PBXGroup section */
		26877F2F1B70AE9500D25438 = {
			isa = PBXGroup;
			children = (
				26877F3A1B70AE9600D25438 /* dataTrans */,
				26877F541B70AE9600D25438 /* dataTransTests */,
				26877F391B70AE9600D25438 /* Products */,
			);
			sourceTree = "<group>";
		};
		26877F391B70AE9600D25438 /* Products */ = {
			isa = PBXGroup;
			children = (
				26877F381B70AE9600D25438 /* dataTrans.app */,
				26877F511B70AE9600D25438 /* dataTransTests.xctest */,
			);
			name = Products;
			sourceTree = "<group>";
		};
		26877F3A1B70AE9600D25438 /* dataTrans */ = {
			isa = PBXGroup;
			children = (
				26877F3F1B70AE9600D25438 /* AppDelegate.h */,
				26877F401B70AE9600D25438 /* AppDelegate.m */,
				260FA4281B71B8630046C3A6 /* SecondViewController.h */,
				260FA4291B71B8630046C3A6 /* SecondViewController.m */,
				260FA4251B71B7010046C3A6 /* FirstViewController.h */,
				260FA4261B71B7010046C3A6 /* FirstViewController.m */,
				260FA4231B71B55E0046C3A6 /* Main.storyboard */,
				26877F481B70AE9600D25438 /* Images.xcassets */,
				26877F4A1B70AE9600D25438 /* LaunchScreen.xib */,
				26877F3B1B70AE9600D25438 /* Supporting Files */,
			);
			path = dataTrans;
			sourceTree = "<group>";
		};
		26877F3B1B70AE9600D25438 /* Supporting Files */ = {
			isa = PBXGroup;
			children = (
				26877F3C1B70AE9600D25438 /* Info.plist */,
				26877F3D1B70AE9600D25438 /* main.m */,
			);
			name = "Supporting Files";
			sourceTree = "<group>";
		};
		26877F541B70AE9600D25438 /* dataTransTests */ = {
			isa = PBXGroup;
			children = (
				26877F571B70AE9600D25438 /* dataTransTests.m */,
				26877F551B70AE9600D25438 /* Supporting Files */,
			);
			path = dataTransTests;
			sourceTree = "<group>";
		};
		26877F551B70AE9600D25438 /* Supporting Files */ = {
			isa = PBXGroup;
			children = (
				26877F561B70AE9600D25438 /* Info.plist */,
			);
			name = "Supporting Files";
			sourceTree = "<group>";
		};
/* End PBXGroup section */

/* Begin PBXNativeTarget section */
		26877F371B70AE9600D25438 /* dataTrans */ = {
			isa = PBXNativeTarget;
			buildConfigurationList = 26877F5B1B70AE9600D25438 /* Build configuration list for PBXNativeTarget "dataTrans" */;
			buildPhases = (
				26877F341B70AE9600D25438 /* Sources */,
				26877F351B70AE9600D25438 /* Frameworks */,
				26877F361B70AE9600D25438 /* Resources */,
			);
			buildRules = (
			);
			dependencies = (
			);
			name = dataTrans;
			productName = dataTrans;
			productReference = 26877F381B70AE9600D25438 /* dataTrans.app */;
			productType = "com.apple.product-type.application";
		};
		26877F501B70AE9600D25438 /* dataTransTests */ = {
			isa = PBXNativeTarget;
			buildConfigurationList = 26877F5E1B70AE9600D25438 /* Build configuration list for PBXNativeTarget "dataTransTests" */;
			buildPhases = (
				26877F4D1B70AE9600D25438 /* Sources */,
				26877F4E1B70AE9600D25438 /* Frameworks */,
				26877F4F1B70AE9600D25438 /* Resources */,
			);
			buildRules = (
			);
			dependencies = (
				26877F531B70AE9600D25438 /* PBXTargetDependency */,
			);
			name = dataTransTests;
			productName = dataTransTests;
			productReference = 26877F511B70AE9600D25438 /* dataTransTests.xctest */;
			productType = "com.apple.product-type.bundle.unit-test";
		};
/* End PBXNativeTarget section */

/* Begin PBXProject section */
		26877F301B70AE9600D25438 /* Project object */ = {
			isa = PBXProject;
			attributes = {
				LastUpgradeCheck = 0630;
				ORGANIZATIONNAME = zmy;
				TargetAttributes = {
					26877F371B70AE9600D25438 = {
						CreatedOnToolsVersion = 6.3.2;
					};
					26877F501B70AE9600D25438 = {
						CreatedOnToolsVersion = 6.3.2;
						TestTargetID = 26877F371B70AE9600D25438;
					};
				};
			};
			buildConfigurationList = 26877F331B70AE9600D25438 /* Build configuration list for PBXProject "dataTrans" */;
			compatibilityVersion = "Xcode 3.2";
			developmentRegion = English;
			hasScannedForEncodings = 0;
			knownRegions = (
				en,
				Base,
			);
			mainGroup = 26877F2F1B70AE9500D25438;
			productRefGroup = 26877F391B70AE9600D25438 /* Products */;
			projectDirPath = "";
			projectRoot = "";
			targets = (
				26877F371B70AE9600D25438 /* dataTrans */,
				26877F501B70AE9600D25438 /* dataTransTests */,
			);
		};
/* End PBXProject section */

/* Begin PBXResourcesBuildPhase section */
		26877F361B70AE9600D25438 /* Resources */ = {
			isa = PBXResourcesBuildPhase;
			buildActionMask = 2147483647;
			files = (
				260FA4241B71B55E0046C3A6 /* Main.storyboard in Resources */,
				26877F4C1B70AE9600D25438 /* LaunchScreen.xib in Resources */,
				26877F491B70AE9600D25438 /* Images.xcassets in Resources */,
			);
			runOnlyForDeploymentPostprocessing = 0;
		};
		26877F4F1B70AE9600D25438 /* Resources */ = {
			isa = PBXResourcesBuildPhase;
			buildActionMask = 2147483647;
			files = (
			);
			runOnlyForDeploymentPostprocessing = 0;
		};
/* End PBXResourcesBuildPhase section */

/* Begin PBXSourcesBuildPhase section */
		26877F341B70AE9600D25438 /* Sources */ = {
			isa = PBXSourcesBuildPhase;
			buildActionMask = 2147483647;
			files = (
				260FA42A1B71B8630046C3A6 /* SecondViewController.m in Sources */,
				26877F411B70AE9600D25438 /* AppDelegate.m in Sources */,
				260FA4271B71B7010046C3A6 /* FirstViewController.m in Sources */,
				26877F3E1B70AE9600D25438 /* main.m in Sources */,
			);
			runOnlyForDeploymentPostprocessing = 0;
		};
		26877F4D1B70AE9600D25438 /* Sources */ = {
			isa = PBXSourcesBuildPhase;
			buildActionMask = 2147483647;
			files = (
				26877F581B70AE9600D25438 /* dataTransTests.m in Sources */,
			);
			runOnlyForDeploymentPostprocessing = 0;
		};
/* End PBXSourcesBuildPhase section */

/* Begin PBXTargetDependency section */
		26877F531B70AE9600D25438 /* PBXTargetDependency */ = {
			isa = PBXTargetDependency;
			target = 26877F371B70AE9600D25438 /* dataTrans */;
			targetProxy = 26877F521B70AE9600D25438 /* PBXContainerItemProxy */;
		};
/* End PBXTargetDependency section */

/* Begin PBXVariantGroup section */
		26877F4A1B70AE9600D25438 /* LaunchScreen.xib */ = {
			isa = PBXVariantGroup;
			children = (
				26877F4B1B70AE9600D25438 /* Base */,
			);
			name = LaunchScreen.xib;
			sourceTree = "<group>";
		};
/* End PBXVariantGroup section */

/* Begin XCBuildConfiguration section */
		26877F591B70AE9600D25438 /* Debug */ = {
			isa = XCBuildConfiguration;
			buildSettings = {
				ALWAYS_SEARCH_USER_PATHS = NO;
				CLANG_CXX_LANGUAGE_STANDARD = "gnu++0x";
				CLANG_CXX_LIBRARY = "libc++";
				CLANG_ENABLE_MODULES = YES;
				CLANG_ENABLE_OBJC_ARC = YES;
				CLANG_WARN_BOOL_CONVERSION = YES;
				CLANG_WARN_CONSTANT_CONVERSION = YES;
				CLANG_WARN_DIRECT_OBJC_ISA_USAGE = YES_ERROR;
				CLANG_WARN_EMPTY_BODY = YES;
				CLANG_WARN_ENUM_CONVERSION = YES;
				CLANG_WARN_INT_CONVERSION = YES;
				CLANG_WARN_OBJC_ROOT_CLASS = YES_ERROR;
				CLANG_WARN_UNREACHABLE_CODE = YES;
				CLANG_WARN__DUPLICATE_METHOD_MATCH = YES;
				"CODE_SIGN_IDENTITY[sdk=iphoneos*]" = "iPhone Developer";
				COPY_PHASE_STRIP = NO;
				DEBUG_INFORMATION_FORMAT = "dwarf-with-dsym";
				ENABLE_STRICT_OBJC_MSGSEND = YES;
				GCC_C_LANGUAGE_STANDARD = gnu99;
				GCC_DYNAMIC_NO_PIC = NO;
				GCC_NO_COMMON_BLOCKS = YES;
				GCC_OPTIMIZATION_LEVEL = 0;
				GCC_PREPROCESSOR_DEFINITIONS = (
					"DEBUG=1",
					"$(inherited)",
				);
				GCC_SYMBOLS_PRIVATE_EXTERN = NO;
				GCC_WARN_64_TO_32_BIT_CONVERSION = YES;
				GCC_WARN_ABOUT_RETURN_TYPE = YES_ERROR;
				GCC_WARN_UNDECLARED_SELECTOR = YES;
				GCC_WARN_UNINITIALIZED_AUTOS = YES_AGGRESSIVE;
				GCC_WARN_UNUSED_FUNCTION = YES;
				GCC_WARN_UNUSED_VARIABLE = YES;
				IPHONEOS_DEPLOYMENT_TARGET = 8.3;
				MTL_ENABLE_DEBUG_INFO = YES;
				ONLY_ACTIVE_ARCH = YES;
				SDKROOT = iphoneos;
				TARGETED_DEVICE_FAMILY = "1,2";
			};
			name = Debug;
		};
		26877F5A1B70AE9600D25438 /* Release */ = {
			isa = XCBuildConfiguration;
			buildSettings = {
				ALWAYS_SEARCH_USER_PATHS = NO;
				CLANG_CXX_LANGUAGE_STANDARD = "gnu++0x";
				CLANG_CXX_LIBRARY = "libc++";
				CLANG_ENABLE_MODULES = YES;
				CLANG_ENABLE_OBJC_ARC = YES;
				CLANG_WARN_BOOL_CONVERSION = YES;
				CLANG_WARN_CONSTANT_CONVERSION = YES;
				CLANG_WARN_DIRECT_OBJC_ISA_USAGE = YES_ERROR;
				CLANG_WARN_EMPTY_BODY = YES;
				CLANG_WARN_ENUM_CONVERSION = YES;
				CLANG_WARN_INT_CONVERSION = YES;
				CLANG_WARN_OBJC_ROOT_CLASS = YES_ERROR;
				CLANG_WARN_UNREACHABLE_CODE = YES;
				CLANG_WARN__DUPLICATE_METHOD_MATCH = YES;
				"CODE_SIGN_IDENTITY[sdk=iphoneos*]" = "iPhone Developer";
				COPY_PHASE_STRIP = NO;
				DEBUG_INFORMATION_FORMAT = "dwarf-with-dsym";
				ENABLE_NS_ASSERTIONS = NO;
				ENABLE_STRICT_OBJC_MSGSEND = YES;
				GCC_C_LANGUAGE_STANDARD = gnu99;
				GCC_NO_COMMON_BLOCKS = YES;
				GCC_WARN_64_TO_32_BIT_CONVERSION = YES;
				GCC_WARN_ABOUT_RETURN_TYPE = YES_ERROR;
				GCC_WARN_UNDECLARED_SELECTOR = YES;
				GCC_WARN_UNINITIALIZED_AUTOS = YES_AGGRESSIVE;
				GCC_WARN_UNUSED_FUNCTION = YES;
				GCC_WARN_UNUSED_VARIABLE = YES;
				IPHONEOS_DEPLOYMENT_TARGET = 8.3;
				MTL_ENABLE_DEBUG_INFO = NO;
				SDKROOT = iphoneos;
				TARGETED_DEVICE_FAMILY = "1,2";
				VALIDATE_PRODUCT = YES;
			};
			name = Release;
		};
		26877F5C1B70AE9600D25438 /* Debug */ = {
			isa = XCBuildConfiguration;
			buildSettings = {
				ASSETCATALOG_COMPILER_APPICON_NAME = AppIcon;
				INFOPLIST_FILE = dataTrans/Info.plist;
				LD_RUNPATH_SEARCH_PATHS = "$(inherited) @executable_path/Frameworks";
				PRODUCT_NAME = "$(TARGET_NAME)";
			};
			name = Debug;
		};
		26877F5D1B70AE9600D25438 /* Release */ = {
			isa = XCBuildConfiguration;
			buildSettings = {
				ASSETCATALOG_COMPILER_APPICON_NAME = AppIcon;
				INFOPLIST_FILE = dataTrans/Info.plist;
				LD_RUNPATH_SEARCH_PATHS = "$(inherited) @executable_path/Frameworks";
				PRODUCT_NAME = "$(TARGET_NAME)";
			};
			name = Release;
		};
		26877F5F1B70AE9600D25438 /* Debug */ = {
			isa = XCBuildConfiguration;
			buildSettings = {
				BUNDLE_LOADER = "$(TEST_HOST)";
				FRAMEWORK_SEARCH_PATHS = (
					"$(SDKROOT)/Developer/Library/Frameworks",
					"$(inherited)",
				);
				GCC_PREPROCESSOR_DEFINITIONS = (
					"DEBUG=1",
					"$(inherited)",
				);
				INFOPLIST_FILE = dataTransTests/Info.plist;
				LD_RUNPATH_SEARCH_PATHS = "$(inherited) @executable_path/Frameworks @loader_path/Frameworks";
				PRODUCT_NAME = "$(TARGET_NAME)";
				TEST_HOST = "$(BUILT_PRODUCTS_DIR)/dataTrans.app/dataTrans";
			};
			name = Debug;
		};
		26877F601B70AE9600D25438 /* Release */ = {
			isa = XCBuildConfiguration;
			buildSettings = {
				BUNDLE_LOADER = "$(TEST_HOST)";
				FRAMEWORK_SEARCH_PATHS = (
					"$(SDKROOT)/Developer/Library/Frameworks",
					"$(inherited)",
				);
				INFOPLIST_FILE = dataTransTests/Info.plist;
				LD_RUNPATH_SEARCH_PATHS = "$(inherited) @executable_path/Frameworks @loader_path/Frameworks";
				PRODUCT_NAME = "$(TARGET_NAME)";
				TEST_HOST = "$(BUILT_PRODUCTS_DIR)/dataTrans.app/dataTrans";
			};
			name = Release;
		};
/* End XCBuildConfiguration section */

/* Begin XCConfigurationList section */
		26877F331B70AE9600D25438 /* Build configuration list for PBXProject "dataTrans" */ = {
			isa = XCConfigurationList;
			buildConfigurations = (
				26877F591B70AE9600D25438 /* Debug */,
				26877F5A1B70AE9600D25438 /* Release */,
			);
			defaultConfigurationIsVisible = 0;
			defaultConfigurationName = Release;
		};
		26877F5B1B70AE9600D25438 /* Build configuration list for PBXNativeTarget "dataTrans" */ = {
			isa = XCConfigurationList;
			buildConfigurations = (
				26877F5C1B70AE9600D25438 /* Debug */,
				26877F5D1B70AE9600D25438 /* Release */,
			);
			defaultConfigurationIsVisible = 0;
			defaultConfigurationName = Release;
		};
		26877F5E1B70AE9600D25438 /* Build configuration list for PBXNativeTarget "dataTransTests" */ = {
			isa = XCConfigurationList;
			buildConfigurations = (
				26877F5F1B70AE9600D25438 /* Debug */,
				26877F601B70AE9600D25438 /* Release */,
			);
			defaultConfigurationIsVisible = 0;
			defaultConfigurationName = Release;
		};
/* End XCConfigurationList section */
	};
	rootObject = 26877F301B70AE9600D25438 /* Project object */;
}
