// !$*UTF8*$!
{
	archiveVersion = 1;
	classes = {
	};
	objectVersion = 46;
	objects = {

/* Begin PBXBuildFile section */
		26CF215B1B58C54F00855822 /* main.m in Sources */ = {isa = PBXBuildFile; fileRef = 26CF215A1B58C54F00855822 /* main.m */; };
		26CF215E1B58C54F00855822 /* BNRAppDelegate.m in Sources */ = {isa = PBXBuildFile; fileRef = 26CF215D1B58C54F00855822 /* BNRAppDelegate.m */; };
		26CF21611B58C54F00855822 /* BNRViewController.m in Sources */ = {isa = PBXBuildFile; fileRef = 26CF21601B58C54F00855822 /* BNRViewController.m */; };
		26CF21661B58C54F00855822 /* Images.xcassets in Resources */ = {isa = PBXBuildFile; fileRef = 26CF21651B58C54F00855822 /* Images.xcassets */; };
		26CF21751B58C54F00855822 /* TouchTrackerTests.m in Sources */ = {isa = PBXBuildFile; fileRef = 26CF21741B58C54F00855822 /* TouchTrackerTests.m */; };
		26CF21811B58C71D00855822 /* BNRLine.m in Sources */ = {isa = PBXBuildFile; fileRef = 26CF21801B58C71D00855822 /* BNRLine.m */; };
		26CF21841B58C76600855822 /* BNRDrawView.m in Sources */ = {isa = PBXBuildFile; fileRef = 26CF21831B58C76600855822 /* BNRDrawView.m */; };
		26CF21871B58C7AD00855822 /* BNRDrawViewController.m in Sources */ = {isa = PBXBuildFile; fileRef = 26CF21861B58C7AD00855822 /* BNRDrawViewController.m */; };
/* End PBXBuildFile section */

/* Begin PBXContainerItemProxy section */
		26CF216F1B58C54F00855822 /* PBXContainerItemProxy */ = {
			isa = PBXContainerItemProxy;
			containerPortal = 26CF214D1B58C54E00855822 /* Project object */;
			proxyType = 1;
			remoteGlobalIDString = 26CF21541B58C54E00855822;
			remoteInfo = TouchTracker;
		};
/* End PBXContainerItemProxy section */

/* Begin PBXFileReference section */
		26CF21551B58C54E00855822 /* TouchTracker.app */ = {isa = PBXFileReference; explicitFileType = wrapper.application; includeInIndex = 0; path = TouchTracker.app; sourceTree = BUILT_PRODUCTS_DIR; };
		26CF21591B58C54F00855822 /* Info.plist */ = {isa = PBXFileReference; lastKnownFileType = text.plist.xml; path = Info.plist; sourceTree = "<group>"; };
		26CF215A1B58C54F00855822 /* main.m */ = {isa = PBXFileReference; lastKnownFileType = sourcecode.c.objc; path = main.m; sourceTree = "<group>"; };
		26CF215C1B58C54F00855822 /* BNRAppDelegate.h */ = {isa = PBXFileReference; lastKnownFileType = sourcecode.c.h; path = BNRAppDelegate.h; sourceTree = "<group>"; };
		26CF215D1B58C54F00855822 /* BNRAppDelegate.m */ = {isa = PBXFileReference; lastKnownFileType = sourcecode.c.objc; path = BNRAppDelegate.m; sourceTree = "<group>"; };
		26CF215F1B58C54F00855822 /* BNRViewController.h */ = {isa = PBXFileReference; lastKnownFileType = sourcecode.c.h; path = BNRViewController.h; sourceTree = "<group>"; };
		26CF21601B58C54F00855822 /* BNRViewController.m */ = {isa = PBXFileReference; lastKnownFileType = sourcecode.c.objc; path = BNRViewController.m; sourceTree = "<group>"; };
		26CF21651B58C54F00855822 /* Images.xcassets */ = {isa = PBXFileReference; lastKnownFileType = folder.assetcatalog; path = Images.xcassets; sourceTree = "<group>"; };
		26CF216E1B58C54F00855822 /* TouchTrackerTests.xctest */ = {isa = PBXFileReference; explicitFileType = wrapper.cfbundle; includeInIndex = 0; path = TouchTrackerTests.xctest; sourceTree = BUILT_PRODUCTS_DIR; };
		26CF21731B58C54F00855822 /* Info.plist */ = {isa = PBXFileReference; lastKnownFileType = text.plist.xml; path = Info.plist; sourceTree = "<group>"; };
		26CF21741B58C54F00855822 /* TouchTrackerTests.m */ = {isa = PBXFileReference; lastKnownFileType = sourcecode.c.objc; path = TouchTrackerTests.m; sourceTree = "<group>"; };
		26CF217E1B58C58A00855822 /* PrefixHeader.pch */ = {isa = PBXFileReference; lastKnownFileType = sourcecode.c.h; path = PrefixHeader.pch; sourceTree = "<group>"; };
		26CF217F1B58C71D00855822 /* BNRLine.h */ = {isa = PBXFileReference; fileEncoding = 4; lastKnownFileType = sourcecode.c.h; path = BNRLine.h; sourceTree = "<group>"; };
		26CF21801B58C71D00855822 /* BNRLine.m */ = {isa = PBXFileReference; fileEncoding = 4; lastKnownFileType = sourcecode.c.objc; path = BNRLine.m; sourceTree = "<group>"; };
		26CF21821B58C76600855822 /* BNRDrawView.h */ = {isa = PBXFileReference; fileEncoding = 4; lastKnownFileType = sourcecode.c.h; path = BNRDrawView.h; sourceTree = "<group>"; };
		26CF21831B58C76600855822 /* BNRDrawView.m */ = {isa = PBXFileReference; fileEncoding = 4; lastKnownFileType = sourcecode.c.objc; path = BNRDrawView.m; sourceTree = "<group>"; };
		26CF21851B58C7AD00855822 /* BNRDrawViewController.h */ = {isa = PBXFileReference; fileEncoding = 4; lastKnownFileType = sourcecode.c.h; path = BNRDrawViewController.h; sourceTree = "<group>"; };
		26CF21861B58C7AD00855822 /* BNRDrawViewController.m */ = {isa = PBXFileReference; fileEncoding = 4; lastKnownFileType = sourcecode.c.objc; path = BNRDrawViewController.m; sourceTree = "<group>"; };
/* End PBXFileReference section */

/* Begin PBXFrameworksBuildPhase section */
		26CF21521B58C54E00855822 /* Frameworks */ = {
			isa = PBXFrameworksBuildPhase;
			buildActionMask = 2147483647;
			files = (
			);
			runOnlyForDeploymentPostprocessing = 0;
		};
		26CF216B1B58C54F00855822 /* Frameworks */ = {
			isa = PBXFrameworksBuildPhase;
			buildActionMask = 2147483647;
			files = (
			);
			runOnlyForDeploymentPostprocessing = 0;
		};
/* End PBXFrameworksBuildPhase section */

/* Begin PBXGroup section */
		26CF214C1B58C54E00855822 = {
			isa = PBXGroup;
			children = (
				26CF21571B58C54E00855822 /* TouchTracker */,
				26CF21711B58C54F00855822 /* TouchTrackerTests */,
				26CF21561B58C54E00855822 /* Products */,
			);
			sourceTree = "<group>";
		};
		26CF21561B58C54E00855822 /* Products */ = {
			isa = PBXGroup;
			children = (
				26CF21551B58C54E00855822 /* TouchTracker.app */,
				26CF216E1B58C54F00855822 /* TouchTrackerTests.xctest */,
			);
			name = Products;
			sourceTree = "<group>";
		};
		26CF21571B58C54E00855822 /* TouchTracker */ = {
			isa = PBXGroup;
			children = (
				26CF217F1B58C71D00855822 /* BNRLine.h */,
				26CF21801B58C71D00855822 /* BNRLine.m */,
				26CF21821B58C76600855822 /* BNRDrawView.h */,
				26CF21831B58C76600855822 /* BNRDrawView.m */,
				26CF21851B58C7AD00855822 /* BNRDrawViewController.h */,
				26CF21861B58C7AD00855822 /* BNRDrawViewController.m */,
				26CF215C1B58C54F00855822 /* BNRAppDelegate.h */,
				26CF215D1B58C54F00855822 /* BNRAppDelegate.m */,
				26CF215F1B58C54F00855822 /* BNRViewController.h */,
				26CF21601B58C54F00855822 /* BNRViewController.m */,
				26CF21651B58C54F00855822 /* Images.xcassets */,
				26CF21581B58C54F00855822 /* Supporting Files */,
			);
			path = TouchTracker;
			sourceTree = "<group>";
		};
		26CF21581B58C54F00855822 /* Supporting Files */ = {
			isa = PBXGroup;
			children = (
				26CF21591B58C54F00855822 /* Info.plist */,
				26CF215A1B58C54F00855822 /* main.m */,
				26CF217E1B58C58A00855822 /* PrefixHeader.pch */,
			);
			name = "Supporting Files";
			sourceTree = "<group>";
		};
		26CF21711B58C54F00855822 /* TouchTrackerTests */ = {
			isa = PBXGroup;
			children = (
				26CF21741B58C54F00855822 /* TouchTrackerTests.m */,
				26CF21721B58C54F00855822 /* Supporting Files */,
			);
			path = TouchTrackerTests;
			sourceTree = "<group>";
		};
		26CF21721B58C54F00855822 /* Supporting Files */ = {
			isa = PBXGroup;
			children = (
				26CF21731B58C54F00855822 /* Info.plist */,
			);
			name = "Supporting Files";
			sourceTree = "<group>";
		};
/* End PBXGroup section */

/* Begin PBXNativeTarget section */
		26CF21541B58C54E00855822 /* TouchTracker */ = {
			isa = PBXNativeTarget;
			buildConfigurationList = 26CF21781B58C54F00855822 /* Build configuration list for PBXNativeTarget "TouchTracker" */;
			buildPhases = (
				26CF21511B58C54E00855822 /* Sources */,
				26CF21521B58C54E00855822 /* Frameworks */,
				26CF21531B58C54E00855822 /* Resources */,
			);
			buildRules = (
			);
			dependencies = (
			);
			name = TouchTracker;
			productName = TouchTracker;
			productReference = 26CF21551B58C54E00855822 /* TouchTracker.app */;
			productType = "com.apple.product-type.application";
		};
		26CF216D1B58C54F00855822 /* TouchTrackerTests */ = {
			isa = PBXNativeTarget;
			buildConfigurationList = 26CF217B1B58C54F00855822 /* Build configuration list for PBXNativeTarget "TouchTrackerTests" */;
			buildPhases = (
				26CF216A1B58C54F00855822 /* Sources */,
				26CF216B1B58C54F00855822 /* Frameworks */,
				26CF216C1B58C54F00855822 /* Resources */,
			);
			buildRules = (
			);
			dependencies = (
				26CF21701B58C54F00855822 /* PBXTargetDependency */,
			);
			name = TouchTrackerTests;
			productName = TouchTrackerTests;
			productReference = 26CF216E1B58C54F00855822 /* TouchTrackerTests.xctest */;
			productType = "com.apple.product-type.bundle.unit-test";
		};
/* End PBXNativeTarget section */

/* Begin PBXProject section */
		26CF214D1B58C54E00855822 /* Project object */ = {
			isa = PBXProject;
			attributes = {
				CLASSPREFIX = BNR;
				LastUpgradeCheck = 0630;
				ORGANIZATIONNAME = zmy;
				TargetAttributes = {
					26CF21541B58C54E00855822 = {
						CreatedOnToolsVersion = 6.3.2;
					};
					26CF216D1B58C54F00855822 = {
						CreatedOnToolsVersion = 6.3.2;
						TestTargetID = 26CF21541B58C54E00855822;
					};
				};
			};
			buildConfigurationList = 26CF21501B58C54E00855822 /* Build configuration list for PBXProject "TouchTracker" */;
			compatibilityVersion = "Xcode 3.2";
			developmentRegion = English;
			hasScannedForEncodings = 0;
			knownRegions = (
				en,
				Base,
			);
			mainGroup = 26CF214C1B58C54E00855822;
			productRefGroup = 26CF21561B58C54E00855822 /* Products */;
			projectDirPath = "";
			projectRoot = "";
			targets = (
				26CF21541B58C54E00855822 /* TouchTracker */,
				26CF216D1B58C54F00855822 /* TouchTrackerTests */,
			);
		};
/* End PBXProject section */

/* Begin PBXResourcesBuildPhase section */
		26CF21531B58C54E00855822 /* Resources */ = {
			isa = PBXResourcesBuildPhase;
			buildActionMask = 2147483647;
			files = (
				26CF21661B58C54F00855822 /* Images.xcassets in Resources */,
			);
			runOnlyForDeploymentPostprocessing = 0;
		};
		26CF216C1B58C54F00855822 /* Resources */ = {
			isa = PBXResourcesBuildPhase;
			buildActionMask = 2147483647;
			files = (
			);
			runOnlyForDeploymentPostprocessing = 0;
		};
/* End PBXResourcesBuildPhase section */

/* Begin PBXSourcesBuildPhase section */
		26CF21511B58C54E00855822 /* Sources */ = {
			isa = PBXSourcesBuildPhase;
			buildActionMask = 2147483647;
			files = (
				26CF21841B58C76600855822 /* BNRDrawView.m in Sources */,
				26CF21871B58C7AD00855822 /* BNRDrawViewController.m in Sources */,
				26CF21611B58C54F00855822 /* BNRViewController.m in Sources */,
				26CF215E1B58C54F00855822 /* BNRAppDelegate.m in Sources */,
				26CF21811B58C71D00855822 /* BNRLine.m in Sources */,
				26CF215B1B58C54F00855822 /* main.m in Sources */,
			);
			runOnlyForDeploymentPostprocessing = 0;
		};
		26CF216A1B58C54F00855822 /* Sources */ = {
			isa = PBXSourcesBuildPhase;
			buildActionMask = 2147483647;
			files = (
				26CF21751B58C54F00855822 /* TouchTrackerTests.m in Sources */,
			);
			runOnlyForDeploymentPostprocessing = 0;
		};
/* End PBXSourcesBuildPhase section */

/* Begin PBXTargetDependency section */
		26CF21701B58C54F00855822 /* PBXTargetDependency */ = {
			isa = PBXTargetDependency;
			target = 26CF21541B58C54E00855822 /* TouchTracker */;
			targetProxy = 26CF216F1B58C54F00855822 /* PBXContainerItemProxy */;
		};
/* End PBXTargetDependency section */

/* Begin XCBuildConfiguration section */
		26CF21761B58C54F00855822 /* Debug */ = {
			isa = XCBuildConfiguration;
			buildSettings = {
				ALWAYS_SEARCH_USER_PATHS = NO;
				CLANG_CXX_LANGUAGE_STANDARD = "gnu++0x";
				CLANG_CXX_LIBRARY = "libc++";
				CLANG_ENABLE_MODULES = YES;
				CLANG_ENABLE_OBJC_ARC = YES;
				CLANG_WARN_BOOL_CONVERSION = YES;
				CLANG_WARN_CONSTANT_CONVERSION = YES;
				CLANG_WARN_DIRECT_OBJC_ISA_USAGE = YES_ERROR;
				CLANG_WARN_EMPTY_BODY = YES;
				CLANG_WARN_ENUM_CONVERSION = YES;
				CLANG_WARN_INT_CONVERSION = YES;
				CLANG_WARN_OBJC_ROOT_CLASS = YES_ERROR;
				CLANG_WARN_UNREACHABLE_CODE = YES;
				CLANG_WARN__DUPLICATE_METHOD_MATCH = YES;
				"CODE_SIGN_IDENTITY[sdk=iphoneos*]" = "iPhone Developer";
				COPY_PHASE_STRIP = NO;
				DEBUG_INFORMATION_FORMAT = "dwarf-with-dsym";
				ENABLE_STRICT_OBJC_MSGSEND = YES;
				GCC_C_LANGUAGE_STANDARD = gnu99;
				GCC_DYNAMIC_NO_PIC = NO;
				GCC_NO_COMMON_BLOCKS = YES;
				GCC_OPTIMIZATION_LEVEL = 0;
				GCC_PREPROCESSOR_DEFINITIONS = (
					"DEBUG=1",
					"$(inherited)",
				);
				GCC_SYMBOLS_PRIVATE_EXTERN = NO;
				GCC_WARN_64_TO_32_BIT_CONVERSION = YES;
				GCC_WARN_ABOUT_RETURN_TYPE = YES_ERROR;
				GCC_WARN_UNDECLARED_SELECTOR = YES;
				GCC_WARN_UNINITIALIZED_AUTOS = YES_AGGRESSIVE;
				GCC_WARN_UNUSED_FUNCTION = YES;
				GCC_WARN_UNUSED_VARIABLE = YES;
				IPHONEOS_DEPLOYMENT_TARGET = 8.3;
				MTL_ENABLE_DEBUG_INFO = YES;
				ONLY_ACTIVE_ARCH = YES;
				SDKROOT = iphoneos;
			};
			name = Debug;
		};
		26CF21771B58C54F00855822 /* Release */ = {
			isa = XCBuildConfiguration;
			buildSettings = {
				ALWAYS_SEARCH_USER_PATHS = NO;
				CLANG_CXX_LANGUAGE_STANDARD = "gnu++0x";
				CLANG_CXX_LIBRARY = "libc++";
				CLANG_ENABLE_MODULES = YES;
				CLANG_ENABLE_OBJC_ARC = YES;
				CLANG_WARN_BOOL_CONVERSION = YES;
				CLANG_WARN_CONSTANT_CONVERSION = YES;
				CLANG_WARN_DIRECT_OBJC_ISA_USAGE = YES_ERROR;
				CLANG_WARN_EMPTY_BODY = YES;
				CLANG_WARN_ENUM_CONVERSION = YES;
				CLANG_WARN_INT_CONVERSION = YES;
				CLANG_WARN_OBJC_ROOT_CLASS = YES_ERROR;
				CLANG_WARN_UNREACHABLE_CODE = YES;
				CLANG_WARN__DUPLICATE_METHOD_MATCH = YES;
				"CODE_SIGN_IDENTITY[sdk=iphoneos*]" = "iPhone Developer";
				COPY_PHASE_STRIP = NO;
				DEBUG_INFORMATION_FORMAT = "dwarf-with-dsym";
				ENABLE_NS_ASSERTIONS = NO;
				ENABLE_STRICT_OBJC_MSGSEND = YES;
				GCC_C_LANGUAGE_STANDARD = gnu99;
				GCC_NO_COMMON_BLOCKS = YES;
				GCC_WARN_64_TO_32_BIT_CONVERSION = YES;
				GCC_WARN_ABOUT_RETURN_TYPE = YES_ERROR;
				GCC_WARN_UNDECLARED_SELECTOR = YES;
				GCC_WARN_UNINITIALIZED_AUTOS = YES_AGGRESSIVE;
				GCC_WARN_UNUSED_FUNCTION = YES;
				GCC_WARN_UNUSED_VARIABLE = YES;
				IPHONEOS_DEPLOYMENT_TARGET = 8.3;
				MTL_ENABLE_DEBUG_INFO = NO;
				SDKROOT = iphoneos;
				VALIDATE_PRODUCT = YES;
			};
			name = Release;
		};
		26CF21791B58C54F00855822 /* Debug */ = {
			isa = XCBuildConfiguration;
			buildSettings = {
				ASSETCATALOG_COMPILER_APPICON_NAME = AppIcon;
				GCC_PRECOMPILE_PREFIX_HEADER = YES;
				GCC_PREFIX_HEADER = TouchTracker/PrefixHeader.pch;
				INFOPLIST_FILE = TouchTracker/Info.plist;
				LD_RUNPATH_SEARCH_PATHS = "$(inherited) @executable_path/Frameworks";
				PRODUCT_NAME = "$(TARGET_NAME)";
			};
			name = Debug;
		};
		26CF217A1B58C54F00855822 /* Release */ = {
			isa = XCBuildConfiguration;
			buildSettings = {
				ASSETCATALOG_COMPILER_APPICON_NAME = AppIcon;
				GCC_PRECOMPILE_PREFIX_HEADER = YES;
				GCC_PREFIX_HEADER = TouchTracker/PrefixHeader.pch;
				INFOPLIST_FILE = TouchTracker/Info.plist;
				LD_RUNPATH_SEARCH_PATHS = "$(inherited) @executable_path/Frameworks";
				PRODUCT_NAME = "$(TARGET_NAME)";
			};
			name = Release;
		};
		26CF217C1B58C54F00855822 /* Debug */ = {
			isa = XCBuildConfiguration;
			buildSettings = {
				BUNDLE_LOADER = "$(TEST_HOST)";
				FRAMEWORK_SEARCH_PATHS = (
					"$(SDKROOT)/Developer/Library/Frameworks",
					"$(inherited)",
				);
				GCC_PREPROCESSOR_DEFINITIONS = (
					"DEBUG=1",
					"$(inherited)",
				);
				INFOPLIST_FILE = TouchTrackerTests/Info.plist;
				LD_RUNPATH_SEARCH_PATHS = "$(inherited) @executable_path/Frameworks @loader_path/Frameworks";
				PRODUCT_NAME = "$(TARGET_NAME)";
				TEST_HOST = "$(BUILT_PRODUCTS_DIR)/TouchTracker.app/TouchTracker";
			};
			name = Debug;
		};
		26CF217D1B58C54F00855822 /* Release */ = {
			isa = XCBuildConfiguration;
			buildSettings = {
				BUNDLE_LOADER = "$(TEST_HOST)";
				FRAMEWORK_SEARCH_PATHS = (
					"$(SDKROOT)/Developer/Library/Frameworks",
					"$(inherited)",
				);
				INFOPLIST_FILE = TouchTrackerTests/Info.plist;
				LD_RUNPATH_SEARCH_PATHS = "$(inherited) @executable_path/Frameworks @loader_path/Frameworks";
				PRODUCT_NAME = "$(TARGET_NAME)";
				TEST_HOST = "$(BUILT_PRODUCTS_DIR)/TouchTracker.app/TouchTracker";
			};
			name = Release;
		};
/* End XCBuildConfiguration section */

/* Begin XCConfigurationList section */
		26CF21501B58C54E00855822 /* Build configuration list for PBXProject "TouchTracker" */ = {
			isa = XCConfigurationList;
			buildConfigurations = (
				26CF21761B58C54F00855822 /* Debug */,
				26CF21771B58C54F00855822 /* Release */,
			);
			defaultConfigurationIsVisible = 0;
			defaultConfigurationName = Release;
		};
		26CF21781B58C54F00855822 /* Build configuration list for PBXNativeTarget "TouchTracker" */ = {
			isa = XCConfigurationList;
			buildConfigurations = (
				26CF21791B58C54F00855822 /* Debug */,
				26CF217A1B58C54F00855822 /* Release */,
			);
			defaultConfigurationIsVisible = 0;
		};
		26CF217B1B58C54F00855822 /* Build configuration list for PBXNativeTarget "TouchTrackerTests" */ = {
			isa = XCConfigurationList;
			buildConfigurations = (
				26CF217C1B58C54F00855822 /* Debug */,
				26CF217D1B58C54F00855822 /* Release */,
			);
			defaultConfigurationIsVisible = 0;
		};
/* End XCConfigurationList section */
	};
	rootObject = 26CF214D1B58C54E00855822 /* Project object */;
}
