// !$*UTF8*$!
{
	archiveVersion = 1;
	classes = {
	};
	objectVersion = 46;
	objects = {

/* Begin PBXBuildFile section */
		26AE2F551B8AAE9F00F1BB40 /* main.m in Sources */ = {isa = PBXBuildFile; fileRef = 26AE2F541B8AAE9F00F1BB40 /* main.m */; };
		26AE2F581B8AAE9F00F1BB40 /* AppDelegate.m in Sources */ = {isa = PBXBuildFile; fileRef = 26AE2F571B8AAE9F00F1BB40 /* AppDelegate.m */; };
		26AE2F5B1B8AAE9F00F1BB40 /* WebViewController.m in Sources */ = {isa = PBXBuildFile; fileRef = 26AE2F5A1B8AAE9F00F1BB40 /* WebViewController.m */; };
		26AE2F5E1B8AAE9F00F1BB40 /* Main.storyboard in Resources */ = {isa = PBXBuildFile; fileRef = 26AE2F5C1B8AAE9F00F1BB40 /* Main.storyboard */; };
		26AE2F601B8AAE9F00F1BB40 /* Images.xcassets in Resources */ = {isa = PBXBuildFile; fileRef = 26AE2F5F1B8AAE9F00F1BB40 /* Images.xcassets */; };
		26AE2F631B8AAE9F00F1BB40 /* LaunchScreen.xib in Resources */ = {isa = PBXBuildFile; fileRef = 26AE2F611B8AAE9F00F1BB40 /* LaunchScreen.xib */; };
		26AE2F6F1B8AAE9F00F1BB40 /* SynchronousHTTPDemoTests.m in Sources */ = {isa = PBXBuildFile; fileRef = 26AE2F6E1B8AAE9F00F1BB40 /* SynchronousHTTPDemoTests.m */; };
/* End PBXBuildFile section */

/* Begin PBXContainerItemProxy section */
		26AE2F691B8AAE9F00F1BB40 /* PBXContainerItemProxy */ = {
			isa = PBXContainerItemProxy;
			containerPortal = 26AE2F471B8AAE9F00F1BB40 /* Project object */;
			proxyType = 1;
			remoteGlobalIDString = 26AE2F4E1B8AAE9F00F1BB40;
			remoteInfo = SynchronousHTTPDemo;
		};
/* End PBXContainerItemProxy section */

/* Begin PBXFileReference section */
		26AE2F4F1B8AAE9F00F1BB40 /* SynchronousHTTPDemo.app */ = {isa = PBXFileReference; explicitFileType = wrapper.application; includeInIndex = 0; path = SynchronousHTTPDemo.app; sourceTree = BUILT_PRODUCTS_DIR; };
		26AE2F531B8AAE9F00F1BB40 /* Info.plist */ = {isa = PBXFileReference; lastKnownFileType = text.plist.xml; path = Info.plist; sourceTree = "<group>"; };
		26AE2F541B8AAE9F00F1BB40 /* main.m */ = {isa = PBXFileReference; lastKnownFileType = sourcecode.c.objc; path = main.m; sourceTree = "<group>"; };
		26AE2F561B8AAE9F00F1BB40 /* AppDelegate.h */ = {isa = PBXFileReference; lastKnownFileType = sourcecode.c.h; path = AppDelegate.h; sourceTree = "<group>"; };
		26AE2F571B8AAE9F00F1BB40 /* AppDelegate.m */ = {isa = PBXFileReference; lastKnownFileType = sourcecode.c.objc; path = AppDelegate.m; sourceTree = "<group>"; };
		26AE2F591B8AAE9F00F1BB40 /* WebViewController.h */ = {isa = PBXFileReference; lastKnownFileType = sourcecode.c.h; path = WebViewController.h; sourceTree = "<group>"; };
		26AE2F5A1B8AAE9F00F1BB40 /* WebViewController.m */ = {isa = PBXFileReference; lastKnownFileType = sourcecode.c.objc; path = WebViewController.m; sourceTree = "<group>"; };
		26AE2F5D1B8AAE9F00F1BB40 /* Base */ = {isa = PBXFileReference; lastKnownFileType = file.storyboard; name = Base; path = Base.lproj/Main.storyboard; sourceTree = "<group>"; };
		26AE2F5F1B8AAE9F00F1BB40 /* Images.xcassets */ = {isa = PBXFileReference; lastKnownFileType = folder.assetcatalog; path = Images.xcassets; sourceTree = "<group>"; };
		26AE2F621B8AAE9F00F1BB40 /* Base */ = {isa = PBXFileReference; lastKnownFileType = file.xib; name = Base; path = Base.lproj/LaunchScreen.xib; sourceTree = "<group>"; };
		26AE2F681B8AAE9F00F1BB40 /* SynchronousHTTPDemoTests.xctest */ = {isa = PBXFileReference; explicitFileType = wrapper.cfbundle; includeInIndex = 0; path = SynchronousHTTPDemoTests.xctest; sourceTree = BUILT_PRODUCTS_DIR; };
		26AE2F6D1B8AAE9F00F1BB40 /* Info.plist */ = {isa = PBXFileReference; lastKnownFileType = text.plist.xml; path = Info.plist; sourceTree = "<group>"; };
		26AE2F6E1B8AAE9F00F1BB40 /* SynchronousHTTPDemoTests.m */ = {isa = PBXFileReference; lastKnownFileType = sourcecode.c.objc; path = SynchronousHTTPDemoTests.m; sourceTree = "<group>"; };
/* End PBXFileReference section */

/* Begin PBXFrameworksBuildPhase section */
		26AE2F4C1B8AAE9F00F1BB40 /* Frameworks */ = {
			isa = PBXFrameworksBuildPhase;
			buildActionMask = 2147483647;
			files = (
			);
			runOnlyForDeploymentPostprocessing = 0;
		};
		26AE2F651B8AAE9F00F1BB40 /* Frameworks */ = {
			isa = PBXFrameworksBuildPhase;
			buildActionMask = 2147483647;
			files = (
			);
			runOnlyForDeploymentPostprocessing = 0;
		};
/* End PBXFrameworksBuildPhase section */

/* Begin PBXGroup section */
		26AE2F461B8AAE9F00F1BB40 = {
			isa = PBXGroup;
			children = (
				26AE2F511B8AAE9F00F1BB40 /* SynchronousHTTPDemo */,
				26AE2F6B1B8AAE9F00F1BB40 /* SynchronousHTTPDemoTests */,
				26AE2F501B8AAE9F00F1BB40 /* Products */,
			);
			sourceTree = "<group>";
		};
		26AE2F501B8AAE9F00F1BB40 /* Products */ = {
			isa = PBXGroup;
			children = (
				26AE2F4F1B8AAE9F00F1BB40 /* SynchronousHTTPDemo.app */,
				26AE2F681B8AAE9F00F1BB40 /* SynchronousHTTPDemoTests.xctest */,
			);
			name = Products;
			sourceTree = "<group>";
		};
		26AE2F511B8AAE9F00F1BB40 /* SynchronousHTTPDemo */ = {
			isa = PBXGroup;
			children = (
				26AE2F561B8AAE9F00F1BB40 /* AppDelegate.h */,
				26AE2F571B8AAE9F00F1BB40 /* AppDelegate.m */,
				26AE2F591B8AAE9F00F1BB40 /* WebViewController.h */,
				26AE2F5A1B8AAE9F00F1BB40 /* WebViewController.m */,
				26AE2F5C1B8AAE9F00F1BB40 /* Main.storyboard */,
				26AE2F5F1B8AAE9F00F1BB40 /* Images.xcassets */,
				26AE2F611B8AAE9F00F1BB40 /* LaunchScreen.xib */,
				26AE2F521B8AAE9F00F1BB40 /* Supporting Files */,
			);
			path = SynchronousHTTPDemo;
			sourceTree = "<group>";
		};
		26AE2F521B8AAE9F00F1BB40 /* Supporting Files */ = {
			isa = PBXGroup;
			children = (
				26AE2F531B8AAE9F00F1BB40 /* Info.plist */,
				26AE2F541B8AAE9F00F1BB40 /* main.m */,
			);
			name = "Supporting Files";
			sourceTree = "<group>";
		};
		26AE2F6B1B8AAE9F00F1BB40 /* SynchronousHTTPDemoTests */ = {
			isa = PBXGroup;
			children = (
				26AE2F6E1B8AAE9F00F1BB40 /* SynchronousHTTPDemoTests.m */,
				26AE2F6C1B8AAE9F00F1BB40 /* Supporting Files */,
			);
			path = SynchronousHTTPDemoTests;
			sourceTree = "<group>";
		};
		26AE2F6C1B8AAE9F00F1BB40 /* Supporting Files */ = {
			isa = PBXGroup;
			children = (
				26AE2F6D1B8AAE9F00F1BB40 /* Info.plist */,
			);
			name = "Supporting Files";
			sourceTree = "<group>";
		};
/* End PBXGroup section */

/* Begin PBXNativeTarget section */
		26AE2F4E1B8AAE9F00F1BB40 /* SynchronousHTTPDemo */ = {
			isa = PBXNativeTarget;
			buildConfigurationList = 26AE2F721B8AAE9F00F1BB40 /* Build configuration list for PBXNativeTarget "SynchronousHTTPDemo" */;
			buildPhases = (
				26AE2F4B1B8AAE9F00F1BB40 /* Sources */,
				26AE2F4C1B8AAE9F00F1BB40 /* Frameworks */,
				26AE2F4D1B8AAE9F00F1BB40 /* Resources */,
			);
			buildRules = (
			);
			dependencies = (
			);
			name = SynchronousHTTPDemo;
			productName = SynchronousHTTPDemo;
			productReference = 26AE2F4F1B8AAE9F00F1BB40 /* SynchronousHTTPDemo.app */;
			productType = "com.apple.product-type.application";
		};
		26AE2F671B8AAE9F00F1BB40 /* SynchronousHTTPDemoTests */ = {
			isa = PBXNativeTarget;
			buildConfigurationList = 26AE2F751B8AAE9F00F1BB40 /* Build configuration list for PBXNativeTarget "SynchronousHTTPDemoTests" */;
			buildPhases = (
				26AE2F641B8AAE9F00F1BB40 /* Sources */,
				26AE2F651B8AAE9F00F1BB40 /* Frameworks */,
				26AE2F661B8AAE9F00F1BB40 /* Resources */,
			);
			buildRules = (
			);
			dependencies = (
				26AE2F6A1B8AAE9F00F1BB40 /* PBXTargetDependency */,
			);
			name = SynchronousHTTPDemoTests;
			productName = SynchronousHTTPDemoTests;
			productReference = 26AE2F681B8AAE9F00F1BB40 /* SynchronousHTTPDemoTests.xctest */;
			productType = "com.apple.product-type.bundle.unit-test";
		};
/* End PBXNativeTarget section */

/* Begin PBXProject section */
		26AE2F471B8AAE9F00F1BB40 /* Project object */ = {
			isa = PBXProject;
			attributes = {
				LastUpgradeCheck = 0630;
				ORGANIZATIONNAME = yourName;
				TargetAttributes = {
					26AE2F4E1B8AAE9F00F1BB40 = {
						CreatedOnToolsVersion = 6.3.2;
					};
					26AE2F671B8AAE9F00F1BB40 = {
						CreatedOnToolsVersion = 6.3.2;
						TestTargetID = 26AE2F4E1B8AAE9F00F1BB40;
					};
				};
			};
			buildConfigurationList = 26AE2F4A1B8AAE9F00F1BB40 /* Build configuration list for PBXProject "SynchronousHTTPDemo" */;
			compatibilityVersion = "Xcode 3.2";
			developmentRegion = English;
			hasScannedForEncodings = 0;
			knownRegions = (
				en,
				Base,
			);
			mainGroup = 26AE2F461B8AAE9F00F1BB40;
			productRefGroup = 26AE2F501B8AAE9F00F1BB40 /* Products */;
			projectDirPath = "";
			projectRoot = "";
			targets = (
				26AE2F4E1B8AAE9F00F1BB40 /* SynchronousHTTPDemo */,
				26AE2F671B8AAE9F00F1BB40 /* SynchronousHTTPDemoTests */,
			);
		};
/* End PBXProject section */

/* Begin PBXResourcesBuildPhase section */
		26AE2F4D1B8AAE9F00F1BB40 /* Resources */ = {
			isa = PBXResourcesBuildPhase;
			buildActionMask = 2147483647;
			files = (
				26AE2F5E1B8AAE9F00F1BB40 /* Main.storyboard in Resources */,
				26AE2F631B8AAE9F00F1BB40 /* LaunchScreen.xib in Resources */,
				26AE2F601B8AAE9F00F1BB40 /* Images.xcassets in Resources */,
			);
			runOnlyForDeploymentPostprocessing = 0;
		};
		26AE2F661B8AAE9F00F1BB40 /* Resources */ = {
			isa = PBXResourcesBuildPhase;
			buildActionMask = 2147483647;
			files = (
			);
			runOnlyForDeploymentPostprocessing = 0;
		};
/* End PBXResourcesBuildPhase section */

/* Begin PBXSourcesBuildPhase section */
		26AE2F4B1B8AAE9F00F1BB40 /* Sources */ = {
			isa = PBXSourcesBuildPhase;
			buildActionMask = 2147483647;
			files = (
				26AE2F5B1B8AAE9F00F1BB40 /* WebViewController.m in Sources */,
				26AE2F581B8AAE9F00F1BB40 /* AppDelegate.m in Sources */,
				26AE2F551B8AAE9F00F1BB40 /* main.m in Sources */,
			);
			runOnlyForDeploymentPostprocessing = 0;
		};
		26AE2F641B8AAE9F00F1BB40 /* Sources */ = {
			isa = PBXSourcesBuildPhase;
			buildActionMask = 2147483647;
			files = (
				26AE2F6F1B8AAE9F00F1BB40 /* SynchronousHTTPDemoTests.m in Sources */,
			);
			runOnlyForDeploymentPostprocessing = 0;
		};
/* End PBXSourcesBuildPhase section */

/* Begin PBXTargetDependency section */
		26AE2F6A1B8AAE9F00F1BB40 /* PBXTargetDependency */ = {
			isa = PBXTargetDependency;
			target = 26AE2F4E1B8AAE9F00F1BB40 /* SynchronousHTTPDemo */;
			targetProxy = 26AE2F691B8AAE9F00F1BB40 /* PBXContainerItemProxy */;
		};
/* End PBXTargetDependency section */

/* Begin PBXVariantGroup section */
		26AE2F5C1B8AAE9F00F1BB40 /* Main.storyboard */ = {
			isa = PBXVariantGroup;
			children = (
				26AE2F5D1B8AAE9F00F1BB40 /* Base */,
			);
			name = Main.storyboard;
			sourceTree = "<group>";
		};
		26AE2F611B8AAE9F00F1BB40 /* LaunchScreen.xib */ = {
			isa = PBXVariantGroup;
			children = (
				26AE2F621B8AAE9F00F1BB40 /* Base */,
			);
			name = LaunchScreen.xib;
			sourceTree = "<group>";
		};
/* End PBXVariantGroup section */

/* Begin XCBuildConfiguration section */
		26AE2F701B8AAE9F00F1BB40 /* Debug */ = {
			isa = XCBuildConfiguration;
			buildSettings = {
				ALWAYS_SEARCH_USER_PATHS = NO;
				CLANG_CXX_LANGUAGE_STANDARD = "gnu++0x";
				CLANG_CXX_LIBRARY = "libc++";
				CLANG_ENABLE_MODULES = YES;
				CLANG_ENABLE_OBJC_ARC = YES;
				CLANG_WARN_BOOL_CONVERSION = YES;
				CLANG_WARN_CONSTANT_CONVERSION = YES;
				CLANG_WARN_DIRECT_OBJC_ISA_USAGE = YES_ERROR;
				CLANG_WARN_EMPTY_BODY = YES;
				CLANG_WARN_ENUM_CONVERSION = YES;
				CLANG_WARN_INT_CONVERSION = YES;
				CLANG_WARN_OBJC_ROOT_CLASS = YES_ERROR;
				CLANG_WARN_UNREACHABLE_CODE = YES;
				CLANG_WARN__DUPLICATE_METHOD_MATCH = YES;
				"CODE_SIGN_IDENTITY[sdk=iphoneos*]" = "iPhone Developer";
				COPY_PHASE_STRIP = NO;
				DEBUG_INFORMATION_FORMAT = "dwarf-with-dsym";
				ENABLE_STRICT_OBJC_MSGSEND = YES;
				GCC_C_LANGUAGE_STANDARD = gnu99;
				GCC_DYNAMIC_NO_PIC = NO;
				GCC_NO_COMMON_BLOCKS = YES;
				GCC_OPTIMIZATION_LEVEL = 0;
				GCC_PREPROCESSOR_DEFINITIONS = (
					"DEBUG=1",
					"$(inherited)",
				);
				GCC_SYMBOLS_PRIVATE_EXTERN = NO;
				GCC_WARN_64_TO_32_BIT_CONVERSION = YES;
				GCC_WARN_ABOUT_RETURN_TYPE = YES_ERROR;
				GCC_WARN_UNDECLARED_SELECTOR = YES;
				GCC_WARN_UNINITIALIZED_AUTOS = YES_AGGRESSIVE;
				GCC_WARN_UNUSED_FUNCTION = YES;
				GCC_WARN_UNUSED_VARIABLE = YES;
				IPHONEOS_DEPLOYMENT_TARGET = 8.3;
				MTL_ENABLE_DEBUG_INFO = YES;
				ONLY_ACTIVE_ARCH = YES;
				SDKROOT = iphoneos;
				TARGETED_DEVICE_FAMILY = "1,2";
			};
			name = Debug;
		};
		26AE2F711B8AAE9F00F1BB40 /* Release */ = {
			isa = XCBuildConfiguration;
			buildSettings = {
				ALWAYS_SEARCH_USER_PATHS = NO;
				CLANG_CXX_LANGUAGE_STANDARD = "gnu++0x";
				CLANG_CXX_LIBRARY = "libc++";
				CLANG_ENABLE_MODULES = YES;
				CLANG_ENABLE_OBJC_ARC = YES;
				CLANG_WARN_BOOL_CONVERSION = YES;
				CLANG_WARN_CONSTANT_CONVERSION = YES;
				CLANG_WARN_DIRECT_OBJC_ISA_USAGE = YES_ERROR;
				CLANG_WARN_EMPTY_BODY = YES;
				CLANG_WARN_ENUM_CONVERSION = YES;
				CLANG_WARN_INT_CONVERSION = YES;
				CLANG_WARN_OBJC_ROOT_CLASS = YES_ERROR;
				CLANG_WARN_UNREACHABLE_CODE = YES;
				CLANG_WARN__DUPLICATE_METHOD_MATCH = YES;
				"CODE_SIGN_IDENTITY[sdk=iphoneos*]" = "iPhone Developer";
				COPY_PHASE_STRIP = NO;
				DEBUG_INFORMATION_FORMAT = "dwarf-with-dsym";
				ENABLE_NS_ASSERTIONS = NO;
				ENABLE_STRICT_OBJC_MSGSEND = YES;
				GCC_C_LANGUAGE_STANDARD = gnu99;
				GCC_NO_COMMON_BLOCKS = YES;
				GCC_WARN_64_TO_32_BIT_CONVERSION = YES;
				GCC_WARN_ABOUT_RETURN_TYPE = YES_ERROR;
				GCC_WARN_UNDECLARED_SELECTOR = YES;
				GCC_WARN_UNINITIALIZED_AUTOS = YES_AGGRESSIVE;
				GCC_WARN_UNUSED_FUNCTION = YES;
				GCC_WARN_UNUSED_VARIABLE = YES;
				IPHONEOS_DEPLOYMENT_TARGET = 8.3;
				MTL_ENABLE_DEBUG_INFO = NO;
				SDKROOT = iphoneos;
				TARGETED_DEVICE_FAMILY = "1,2";
				VALIDATE_PRODUCT = YES;
			};
			name = Release;
		};
		26AE2F731B8AAE9F00F1BB40 /* Debug */ = {
			isa = XCBuildConfiguration;
			buildSettings = {
				ASSETCATALOG_COMPILER_APPICON_NAME = AppIcon;
				INFOPLIST_FILE = SynchronousHTTPDemo/Info.plist;
				LD_RUNPATH_SEARCH_PATHS = "$(inherited) @executable_path/Frameworks";
				PRODUCT_NAME = "$(TARGET_NAME)";
			};
			name = Debug;
		};
		26AE2F741B8AAE9F00F1BB40 /* Release */ = {
			isa = XCBuildConfiguration;
			buildSettings = {
				ASSETCATALOG_COMPILER_APPICON_NAME = AppIcon;
				INFOPLIST_FILE = SynchronousHTTPDemo/Info.plist;
				LD_RUNPATH_SEARCH_PATHS = "$(inherited) @executable_path/Frameworks";
				PRODUCT_NAME = "$(TARGET_NAME)";
			};
			name = Release;
		};
		26AE2F761B8AAE9F00F1BB40 /* Debug */ = {
			isa = XCBuildConfiguration;
			buildSettings = {
				BUNDLE_LOADER = "$(TEST_HOST)";
				FRAMEWORK_SEARCH_PATHS = (
					"$(SDKROOT)/Developer/Library/Frameworks",
					"$(inherited)",
				);
				GCC_PREPROCESSOR_DEFINITIONS = (
					"DEBUG=1",
					"$(inherited)",
				);
				INFOPLIST_FILE = SynchronousHTTPDemoTests/Info.plist;
				LD_RUNPATH_SEARCH_PATHS = "$(inherited) @executable_path/Frameworks @loader_path/Frameworks";
				PRODUCT_NAME = "$(TARGET_NAME)";
				TEST_HOST = "$(BUILT_PRODUCTS_DIR)/SynchronousHTTPDemo.app/SynchronousHTTPDemo";
			};
			name = Debug;
		};
		26AE2F771B8AAE9F00F1BB40 /* Release */ = {
			isa = XCBuildConfiguration;
			buildSettings = {
				BUNDLE_LOADER = "$(TEST_HOST)";
				FRAMEWORK_SEARCH_PATHS = (
					"$(SDKROOT)/Developer/Library/Frameworks",
					"$(inherited)",
				);
				INFOPLIST_FILE = SynchronousHTTPDemoTests/Info.plist;
				LD_RUNPATH_SEARCH_PATHS = "$(inherited) @executable_path/Frameworks @loader_path/Frameworks";
				PRODUCT_NAME = "$(TARGET_NAME)";
				TEST_HOST = "$(BUILT_PRODUCTS_DIR)/SynchronousHTTPDemo.app/SynchronousHTTPDemo";
			};
			name = Release;
		};
/* End XCBuildConfiguration section */

/* Begin XCConfigurationList section */
		26AE2F4A1B8AAE9F00F1BB40 /* Build configuration list for PBXProject "SynchronousHTTPDemo" */ = {
			isa = XCConfigurationList;
			buildConfigurations = (
				26AE2F701B8AAE9F00F1BB40 /* Debug */,
				26AE2F711B8AAE9F00F1BB40 /* Release */,
			);
			defaultConfigurationIsVisible = 0;
			defaultConfigurationName = Release;
		};
		26AE2F721B8AAE9F00F1BB40 /* Build configuration list for PBXNativeTarget "SynchronousHTTPDemo" */ = {
			isa = XCConfigurationList;
			buildConfigurations = (
				26AE2F731B8AAE9F00F1BB40 /* Debug */,
				26AE2F741B8AAE9F00F1BB40 /* Release */,
			);
			defaultConfigurationIsVisible = 0;
		};
		26AE2F751B8AAE9F00F1BB40 /* Build configuration list for PBXNativeTarget "SynchronousHTTPDemoTests" */ = {
			isa = XCConfigurationList;
			buildConfigurations = (
				26AE2F761B8AAE9F00F1BB40 /* Debug */,
				26AE2F771B8AAE9F00F1BB40 /* Release */,
			);
			defaultConfigurationIsVisible = 0;
		};
/* End XCConfigurationList section */
	};
	rootObject = 26AE2F471B8AAE9F00F1BB40 /* Project object */;
}
