// !$*UTF8*$!
{
	archiveVersion = 1;
	classes = {
	};
	objectVersion = 46;
	objects = {

/* Begin PBXBuildFile section */
		26B4849E1B7D8AAD00542496 /* main.m in Sources */ = {isa = PBXBuildFile; fileRef = 26B4849D1B7D8AAD00542496 /* main.m */; };
		26B484A11B7D8AAD00542496 /* AppDelegate.m in Sources */ = {isa = PBXBuildFile; fileRef = 26B484A01B7D8AAD00542496 /* AppDelegate.m */; };
		26B484A41B7D8AAD00542496 /* HTMLRequestVC.m in Sources */ = {isa = PBXBuildFile; fileRef = 26B484A31B7D8AAD00542496 /* HTMLRequestVC.m */; };
		26B484A71B7D8AAD00542496 /* Main.storyboard in Resources */ = {isa = PBXBuildFile; fileRef = 26B484A51B7D8AAD00542496 /* Main.storyboard */; };
		26B484A91B7D8AAD00542496 /* Images.xcassets in Resources */ = {isa = PBXBuildFile; fileRef = 26B484A81B7D8AAD00542496 /* Images.xcassets */; };
		26B484B81B7D8AAD00542496 /* SimpleHTTPCallTests.m in Sources */ = {isa = PBXBuildFile; fileRef = 26B484B71B7D8AAD00542496 /* SimpleHTTPCallTests.m */; };
		26B484C31B7D930300542496 /* ImgDownloadVC.m in Sources */ = {isa = PBXBuildFile; fileRef = 26B484C21B7D930300542496 /* ImgDownloadVC.m */; };
/* End PBXBuildFile section */

/* Begin PBXContainerItemProxy section */
		26B484B21B7D8AAD00542496 /* PBXContainerItemProxy */ = {
			isa = PBXContainerItemProxy;
			containerPortal = 26B484901B7D8AAD00542496 /* Project object */;
			proxyType = 1;
			remoteGlobalIDString = 26B484971B7D8AAD00542496;
			remoteInfo = SimpleHTTPCall;
		};
/* End PBXContainerItemProxy section */

/* Begin PBXFileReference section */
		26B484981B7D8AAD00542496 /* SimpleHTTPCall.app */ = {isa = PBXFileReference; explicitFileType = wrapper.application; includeInIndex = 0; path = SimpleHTTPCall.app; sourceTree = BUILT_PRODUCTS_DIR; };
		26B4849C1B7D8AAD00542496 /* Info.plist */ = {isa = PBXFileReference; lastKnownFileType = text.plist.xml; path = Info.plist; sourceTree = "<group>"; };
		26B4849D1B7D8AAD00542496 /* main.m */ = {isa = PBXFileReference; lastKnownFileType = sourcecode.c.objc; path = main.m; sourceTree = "<group>"; };
		26B4849F1B7D8AAD00542496 /* AppDelegate.h */ = {isa = PBXFileReference; lastKnownFileType = sourcecode.c.h; path = AppDelegate.h; sourceTree = "<group>"; };
		26B484A01B7D8AAD00542496 /* AppDelegate.m */ = {isa = PBXFileReference; lastKnownFileType = sourcecode.c.objc; path = AppDelegate.m; sourceTree = "<group>"; };
		26B484A21B7D8AAD00542496 /* HTMLRequestVC.h */ = {isa = PBXFileReference; lastKnownFileType = sourcecode.c.h; path = HTMLRequestVC.h; sourceTree = "<group>"; };
		26B484A31B7D8AAD00542496 /* HTMLRequestVC.m */ = {isa = PBXFileReference; lastKnownFileType = sourcecode.c.objc; path = HTMLRequestVC.m; sourceTree = "<group>"; };
		26B484A61B7D8AAD00542496 /* Base */ = {isa = PBXFileReference; lastKnownFileType = file.storyboard; name = Base; path = Base.lproj/Main.storyboard; sourceTree = "<group>"; };
		26B484A81B7D8AAD00542496 /* Images.xcassets */ = {isa = PBXFileReference; lastKnownFileType = folder.assetcatalog; path = Images.xcassets; sourceTree = "<group>"; };
		26B484B11B7D8AAD00542496 /* SimpleHTTPCallTests.xctest */ = {isa = PBXFileReference; explicitFileType = wrapper.cfbundle; includeInIndex = 0; path = SimpleHTTPCallTests.xctest; sourceTree = BUILT_PRODUCTS_DIR; };
		26B484B61B7D8AAD00542496 /* Info.plist */ = {isa = PBXFileReference; lastKnownFileType = text.plist.xml; path = Info.plist; sourceTree = "<group>"; };
		26B484B71B7D8AAD00542496 /* SimpleHTTPCallTests.m */ = {isa = PBXFileReference; lastKnownFileType = sourcecode.c.objc; path = SimpleHTTPCallTests.m; sourceTree = "<group>"; };
		26B484C11B7D930300542496 /* ImgDownloadVC.h */ = {isa = PBXFileReference; fileEncoding = 4; lastKnownFileType = sourcecode.c.h; path = ImgDownloadVC.h; sourceTree = "<group>"; };
		26B484C21B7D930300542496 /* ImgDownloadVC.m */ = {isa = PBXFileReference; fileEncoding = 4; lastKnownFileType = sourcecode.c.objc; path = ImgDownloadVC.m; sourceTree = "<group>"; };
/* End PBXFileReference section */

/* Begin PBXFrameworksBuildPhase section */
		26B484951B7D8AAD00542496 /* Frameworks */ = {
			isa = PBXFrameworksBuildPhase;
			buildActionMask = 2147483647;
			files = (
			);
			runOnlyForDeploymentPostprocessing = 0;
		};
		26B484AE1B7D8AAD00542496 /* Frameworks */ = {
			isa = PBXFrameworksBuildPhase;
			buildActionMask = 2147483647;
			files = (
			);
			runOnlyForDeploymentPostprocessing = 0;
		};
/* End PBXFrameworksBuildPhase section */

/* Begin PBXGroup section */
		26B4848F1B7D8AAD00542496 = {
			isa = PBXGroup;
			children = (
				26B4849A1B7D8AAD00542496 /* SimpleHTTPCall */,
				26B484B41B7D8AAD00542496 /* SimpleHTTPCallTests */,
				26B484991B7D8AAD00542496 /* Products */,
			);
			sourceTree = "<group>";
		};
		26B484991B7D8AAD00542496 /* Products */ = {
			isa = PBXGroup;
			children = (
				26B484981B7D8AAD00542496 /* SimpleHTTPCall.app */,
				26B484B11B7D8AAD00542496 /* SimpleHTTPCallTests.xctest */,
			);
			name = Products;
			sourceTree = "<group>";
		};
		26B4849A1B7D8AAD00542496 /* SimpleHTTPCall */ = {
			isa = PBXGroup;
			children = (
				26B4849F1B7D8AAD00542496 /* AppDelegate.h */,
				26B484A01B7D8AAD00542496 /* AppDelegate.m */,
				26B484A21B7D8AAD00542496 /* HTMLRequestVC.h */,
				26B484A31B7D8AAD00542496 /* HTMLRequestVC.m */,
				26B484C11B7D930300542496 /* ImgDownloadVC.h */,
				26B484C21B7D930300542496 /* ImgDownloadVC.m */,
				26B484A51B7D8AAD00542496 /* Main.storyboard */,
				26B484A81B7D8AAD00542496 /* Images.xcassets */,
				26B4849B1B7D8AAD00542496 /* Supporting Files */,
			);
			path = SimpleHTTPCall;
			sourceTree = "<group>";
		};
		26B4849B1B7D8AAD00542496 /* Supporting Files */ = {
			isa = PBXGroup;
			children = (
				26B4849C1B7D8AAD00542496 /* Info.plist */,
				26B4849D1B7D8AAD00542496 /* main.m */,
			);
			name = "Supporting Files";
			sourceTree = "<group>";
		};
		26B484B41B7D8AAD00542496 /* SimpleHTTPCallTests */ = {
			isa = PBXGroup;
			children = (
				26B484B71B7D8AAD00542496 /* SimpleHTTPCallTests.m */,
				26B484B51B7D8AAD00542496 /* Supporting Files */,
			);
			path = SimpleHTTPCallTests;
			sourceTree = "<group>";
		};
		26B484B51B7D8AAD00542496 /* Supporting Files */ = {
			isa = PBXGroup;
			children = (
				26B484B61B7D8AAD00542496 /* Info.plist */,
			);
			name = "Supporting Files";
			sourceTree = "<group>";
		};
/* End PBXGroup section */

/* Begin PBXNativeTarget section */
		26B484971B7D8AAD00542496 /* SimpleHTTPCall */ = {
			isa = PBXNativeTarget;
			buildConfigurationList = 26B484BB1B7D8AAD00542496 /* Build configuration list for PBXNativeTarget "SimpleHTTPCall" */;
			buildPhases = (
				26B484941B7D8AAD00542496 /* Sources */,
				26B484951B7D8AAD00542496 /* Frameworks */,
				26B484961B7D8AAD00542496 /* Resources */,
			);
			buildRules = (
			);
			dependencies = (
			);
			name = SimpleHTTPCall;
			productName = SimpleHTTPCall;
			productReference = 26B484981B7D8AAD00542496 /* SimpleHTTPCall.app */;
			productType = "com.apple.product-type.application";
		};
		26B484B01B7D8AAD00542496 /* SimpleHTTPCallTests */ = {
			isa = PBXNativeTarget;
			buildConfigurationList = 26B484BE1B7D8AAD00542496 /* Build configuration list for PBXNativeTarget "SimpleHTTPCallTests" */;
			buildPhases = (
				26B484AD1B7D8AAD00542496 /* Sources */,
				26B484AE1B7D8AAD00542496 /* Frameworks */,
				26B484AF1B7D8AAD00542496 /* Resources */,
			);
			buildRules = (
			);
			dependencies = (
				26B484B31B7D8AAD00542496 /* PBXTargetDependency */,
			);
			name = SimpleHTTPCallTests;
			productName = SimpleHTTPCallTests;
			productReference = 26B484B11B7D8AAD00542496 /* SimpleHTTPCallTests.xctest */;
			productType = "com.apple.product-type.bundle.unit-test";
		};
/* End PBXNativeTarget section */

/* Begin PBXProject section */
		26B484901B7D8AAD00542496 /* Project object */ = {
			isa = PBXProject;
			attributes = {
				LastUpgradeCheck = 0630;
				ORGANIZATIONNAME = zmy;
				TargetAttributes = {
					26B484971B7D8AAD00542496 = {
						CreatedOnToolsVersion = 6.3.2;
					};
					26B484B01B7D8AAD00542496 = {
						CreatedOnToolsVersion = 6.3.2;
						TestTargetID = 26B484971B7D8AAD00542496;
					};
				};
			};
			buildConfigurationList = 26B484931B7D8AAD00542496 /* Build configuration list for PBXProject "SimpleHTTPCall" */;
			compatibilityVersion = "Xcode 3.2";
			developmentRegion = English;
			hasScannedForEncodings = 0;
			knownRegions = (
				en,
				Base,
			);
			mainGroup = 26B4848F1B7D8AAD00542496;
			productRefGroup = 26B484991B7D8AAD00542496 /* Products */;
			projectDirPath = "";
			projectRoot = "";
			targets = (
				26B484971B7D8AAD00542496 /* SimpleHTTPCall */,
				26B484B01B7D8AAD00542496 /* SimpleHTTPCallTests */,
			);
		};
/* End PBXProject section */

/* Begin PBXResourcesBuildPhase section */
		26B484961B7D8AAD00542496 /* Resources */ = {
			isa = PBXResourcesBuildPhase;
			buildActionMask = 2147483647;
			files = (
				26B484A71B7D8AAD00542496 /* Main.storyboard in Resources */,
				26B484A91B7D8AAD00542496 /* Images.xcassets in Resources */,
			);
			runOnlyForDeploymentPostprocessing = 0;
		};
		26B484AF1B7D8AAD00542496 /* Resources */ = {
			isa = PBXResourcesBuildPhase;
			buildActionMask = 2147483647;
			files = (
			);
			runOnlyForDeploymentPostprocessing = 0;
		};
/* End PBXResourcesBuildPhase section */

/* Begin PBXSourcesBuildPhase section */
		26B484941B7D8AAD00542496 /* Sources */ = {
			isa = PBXSourcesBuildPhase;
			buildActionMask = 2147483647;
			files = (
				26B484C31B7D930300542496 /* ImgDownloadVC.m in Sources */,
				26B484A41B7D8AAD00542496 /* HTMLRequestVC.m in Sources */,
				26B484A11B7D8AAD00542496 /* AppDelegate.m in Sources */,
				26B4849E1B7D8AAD00542496 /* main.m in Sources */,
			);
			runOnlyForDeploymentPostprocessing = 0;
		};
		26B484AD1B7D8AAD00542496 /* Sources */ = {
			isa = PBXSourcesBuildPhase;
			buildActionMask = 2147483647;
			files = (
				26B484B81B7D8AAD00542496 /* SimpleHTTPCallTests.m in Sources */,
			);
			runOnlyForDeploymentPostprocessing = 0;
		};
/* End PBXSourcesBuildPhase section */

/* Begin PBXTargetDependency section */
		26B484B31B7D8AAD00542496 /* PBXTargetDependency */ = {
			isa = PBXTargetDependency;
			target = 26B484971B7D8AAD00542496 /* SimpleHTTPCall */;
			targetProxy = 26B484B21B7D8AAD00542496 /* PBXContainerItemProxy */;
		};
/* End PBXTargetDependency section */

/* Begin PBXVariantGroup section */
		26B484A51B7D8AAD00542496 /* Main.storyboard */ = {
			isa = PBXVariantGroup;
			children = (
				26B484A61B7D8AAD00542496 /* Base */,
			);
			name = Main.storyboard;
			sourceTree = "<group>";
		};
/* End PBXVariantGroup section */

/* Begin XCBuildConfiguration section */
		26B484B91B7D8AAD00542496 /* Debug */ = {
			isa = XCBuildConfiguration;
			buildSettings = {
				ALWAYS_SEARCH_USER_PATHS = NO;
				CLANG_CXX_LANGUAGE_STANDARD = "gnu++0x";
				CLANG_CXX_LIBRARY = "libc++";
				CLANG_ENABLE_MODULES = YES;
				CLANG_ENABLE_OBJC_ARC = YES;
				CLANG_WARN_BOOL_CONVERSION = YES;
				CLANG_WARN_CONSTANT_CONVERSION = YES;
				CLANG_WARN_DIRECT_OBJC_ISA_USAGE = YES_ERROR;
				CLANG_WARN_EMPTY_BODY = YES;
				CLANG_WARN_ENUM_CONVERSION = YES;
				CLANG_WARN_INT_CONVERSION = YES;
				CLANG_WARN_OBJC_ROOT_CLASS = YES_ERROR;
				CLANG_WARN_UNREACHABLE_CODE = YES;
				CLANG_WARN__DUPLICATE_METHOD_MATCH = YES;
				"CODE_SIGN_IDENTITY[sdk=iphoneos*]" = "iPhone Developer";
				COPY_PHASE_STRIP = NO;
				DEBUG_INFORMATION_FORMAT = "dwarf-with-dsym";
				ENABLE_STRICT_OBJC_MSGSEND = YES;
				GCC_C_LANGUAGE_STANDARD = gnu99;
				GCC_DYNAMIC_NO_PIC = NO;
				GCC_NO_COMMON_BLOCKS = YES;
				GCC_OPTIMIZATION_LEVEL = 0;
				GCC_PREPROCESSOR_DEFINITIONS = (
					"DEBUG=1",
					"$(inherited)",
				);
				GCC_SYMBOLS_PRIVATE_EXTERN = NO;
				GCC_WARN_64_TO_32_BIT_CONVERSION = YES;
				GCC_WARN_ABOUT_RETURN_TYPE = YES_ERROR;
				GCC_WARN_UNDECLARED_SELECTOR = YES;
				GCC_WARN_UNINITIALIZED_AUTOS = YES_AGGRESSIVE;
				GCC_WARN_UNUSED_FUNCTION = YES;
				GCC_WARN_UNUSED_VARIABLE = YES;
				IPHONEOS_DEPLOYMENT_TARGET = 8.3;
				MTL_ENABLE_DEBUG_INFO = YES;
				ONLY_ACTIVE_ARCH = YES;
				SDKROOT = iphoneos;
				TARGETED_DEVICE_FAMILY = "1,2";
			};
			name = Debug;
		};
		26B484BA1B7D8AAD00542496 /* Release */ = {
			isa = XCBuildConfiguration;
			buildSettings = {
				ALWAYS_SEARCH_USER_PATHS = NO;
				CLANG_CXX_LANGUAGE_STANDARD = "gnu++0x";
				CLANG_CXX_LIBRARY = "libc++";
				CLANG_ENABLE_MODULES = YES;
				CLANG_ENABLE_OBJC_ARC = YES;
				CLANG_WARN_BOOL_CONVERSION = YES;
				CLANG_WARN_CONSTANT_CONVERSION = YES;
				CLANG_WARN_DIRECT_OBJC_ISA_USAGE = YES_ERROR;
				CLANG_WARN_EMPTY_BODY = YES;
				CLANG_WARN_ENUM_CONVERSION = YES;
				CLANG_WARN_INT_CONVERSION = YES;
				CLANG_WARN_OBJC_ROOT_CLASS = YES_ERROR;
				CLANG_WARN_UNREACHABLE_CODE = YES;
				CLANG_WARN__DUPLICATE_METHOD_MATCH = YES;
				"CODE_SIGN_IDENTITY[sdk=iphoneos*]" = "iPhone Developer";
				COPY_PHASE_STRIP = NO;
				DEBUG_INFORMATION_FORMAT = "dwarf-with-dsym";
				ENABLE_NS_ASSERTIONS = NO;
				ENABLE_STRICT_OBJC_MSGSEND = YES;
				GCC_C_LANGUAGE_STANDARD = gnu99;
				GCC_NO_COMMON_BLOCKS = YES;
				GCC_WARN_64_TO_32_BIT_CONVERSION = YES;
				GCC_WARN_ABOUT_RETURN_TYPE = YES_ERROR;
				GCC_WARN_UNDECLARED_SELECTOR = YES;
				GCC_WARN_UNINITIALIZED_AUTOS = YES_AGGRESSIVE;
				GCC_WARN_UNUSED_FUNCTION = YES;
				GCC_WARN_UNUSED_VARIABLE = YES;
				IPHONEOS_DEPLOYMENT_TARGET = 8.3;
				MTL_ENABLE_DEBUG_INFO = NO;
				SDKROOT = iphoneos;
				TARGETED_DEVICE_FAMILY = "1,2";
				VALIDATE_PRODUCT = YES;
			};
			name = Release;
		};
		26B484BC1B7D8AAD00542496 /* Debug */ = {
			isa = XCBuildConfiguration;
			buildSettings = {
				ASSETCATALOG_COMPILER_APPICON_NAME = AppIcon;
				INFOPLIST_FILE = SimpleHTTPCall/Info.plist;
				LD_RUNPATH_SEARCH_PATHS = "$(inherited) @executable_path/Frameworks";
				PRODUCT_NAME = "$(TARGET_NAME)";
			};
			name = Debug;
		};
		26B484BD1B7D8AAD00542496 /* Release */ = {
			isa = XCBuildConfiguration;
			buildSettings = {
				ASSETCATALOG_COMPILER_APPICON_NAME = AppIcon;
				INFOPLIST_FILE = SimpleHTTPCall/Info.plist;
				LD_RUNPATH_SEARCH_PATHS = "$(inherited) @executable_path/Frameworks";
				PRODUCT_NAME = "$(TARGET_NAME)";
			};
			name = Release;
		};
		26B484BF1B7D8AAD00542496 /* Debug */ = {
			isa = XCBuildConfiguration;
			buildSettings = {
				BUNDLE_LOADER = "$(TEST_HOST)";
				FRAMEWORK_SEARCH_PATHS = (
					"$(SDKROOT)/Developer/Library/Frameworks",
					"$(inherited)",
				);
				GCC_PREPROCESSOR_DEFINITIONS = (
					"DEBUG=1",
					"$(inherited)",
				);
				INFOPLIST_FILE = SimpleHTTPCallTests/Info.plist;
				LD_RUNPATH_SEARCH_PATHS = "$(inherited) @executable_path/Frameworks @loader_path/Frameworks";
				PRODUCT_NAME = "$(TARGET_NAME)";
				TEST_HOST = "$(BUILT_PRODUCTS_DIR)/SimpleHTTPCall.app/SimpleHTTPCall";
			};
			name = Debug;
		};
		26B484C01B7D8AAD00542496 /* Release */ = {
			isa = XCBuildConfiguration;
			buildSettings = {
				BUNDLE_LOADER = "$(TEST_HOST)";
				FRAMEWORK_SEARCH_PATHS = (
					"$(SDKROOT)/Developer/Library/Frameworks",
					"$(inherited)",
				);
				INFOPLIST_FILE = SimpleHTTPCallTests/Info.plist;
				LD_RUNPATH_SEARCH_PATHS = "$(inherited) @executable_path/Frameworks @loader_path/Frameworks";
				PRODUCT_NAME = "$(TARGET_NAME)";
				TEST_HOST = "$(BUILT_PRODUCTS_DIR)/SimpleHTTPCall.app/SimpleHTTPCall";
			};
			name = Release;
		};
/* End XCBuildConfiguration section */

/* Begin XCConfigurationList section */
		26B484931B7D8AAD00542496 /* Build configuration list for PBXProject "SimpleHTTPCall" */ = {
			isa = XCConfigurationList;
			buildConfigurations = (
				26B484B91B7D8AAD00542496 /* Debug */,
				26B484BA1B7D8AAD00542496 /* Release */,
			);
			defaultConfigurationIsVisible = 0;
			defaultConfigurationName = Release;
		};
		26B484BB1B7D8AAD00542496 /* Build configuration list for PBXNativeTarget "SimpleHTTPCall" */ = {
			isa = XCConfigurationList;
			buildConfigurations = (
				26B484BC1B7D8AAD00542496 /* Debug */,
				26B484BD1B7D8AAD00542496 /* Release */,
			);
			defaultConfigurationIsVisible = 0;
		};
		26B484BE1B7D8AAD00542496 /* Build configuration list for PBXNativeTarget "SimpleHTTPCallTests" */ = {
			isa = XCConfigurationList;
			buildConfigurations = (
				26B484BF1B7D8AAD00542496 /* Debug */,
				26B484C01B7D8AAD00542496 /* Release */,
			);
			defaultConfigurationIsVisible = 0;
		};
/* End XCConfigurationList section */
	};
	rootObject = 26B484901B7D8AAD00542496 /* Project object */;
}
